
Microsoft Visual Studio Solution File, Format Version 12.00
# Visual Studio 2012
Project("{FAE04EC0-301F-11D3-BF4B-00C04F79EFBC}") = "PortableGameTest.Framework", "PortableGameTest.Framework\PortableGameTest.Framework.csproj", "{6216E08B-9DC7-454E-B5ED-4615BB7236B1}"
EndProject
Project("{FAE04EC0-301F-11D3-BF4B-00C04F79EFBC}") = "PortableGameTest.Framework.Win32", "PortableGameTest.Framework.Win32\PortableGameTest.Framework.Win32.csproj", "{2657D56C-14E2-4559-B0AA-60CDA30537F9}"
EndProject
Project("{FAE04EC0-301F-11D3-BF4B-00C04F79EFBC}") = "PortableGameTest.Framework.Abstractions", "PortableGameTest.Framework.Abstractions\PortableGameTest.Framework.Abstractions.csproj", "{4216E08B-9DC7-454E-B5ED-4615BB7236B2}"
EndProject
Project("{FAE04EC0-301F-11D3-BF4B-00C04F79EFBC}") = "PortableGameTest.Framework.WinRT", "PortableGameTest.Framework.WinRT\PortableGameTest.Framework.WinRT.csproj", "{A99D2EC9-89C2-4753-AB17-F50E8160C4FB}"
EndProject
Project("{FAE04EC0-301F-11D3-BF4B-00C04F79EFBC}") = "PortableGameTest.Core", "PortableGameTest.Core\PortableGameTest.Core.csproj", "{B280D2AC-B647-453A-B5B9-A331E7B2B414}"
EndProject
Project("{FAE04EC0-301F-11D3-BF4B-00C04F79EFBC}") = "PortableGameTest-Win32", "PortableGameTest-Win32\PortableGameTest-Win32.csproj", "{816FCA8A-60CF-4562-8AE0-F25E49D25F32}"
EndProject
Project("{FAE04EC0-301F-11D3-BF4B-00C04F79EFBC}") = "PortableGameTest-WinRT", "PortableGameTest-WinRT\PortableGameTest-WinRT.csproj", "{F33AA006-56E1-4D6D-8262-20BEFC2A448A}"
EndProject
Project("{FAE04EC0-301F-11D3-BF4B-00C04F79EFBC}") = "PortableGameTest.Framework.Content", "PortableGameTest.Framework.Content\PortableGameTest.Framework.Content\PortableGameTest.Framework.Content.csproj", "{59E08DDD-AF38-46F8-847E-87E82ADFCF6C}"
EndProject
Project("{FAE04EC0-301F-11D3-BF4B-00C04F79EFBC}") = "PortableGameTest.Framework.ContentContent", "PortableGameTest.Framework.Content\PortableGameTest.Framework.ContentContent\PortableGameTest.Framework.ContentContent.contentproj", "{737AE6D0-AB1E-4B2B-BD02-12E3426A48E8}"
EndProject
Project("{2150E333-8FDC-42A3-9474-1A3956D46DE8}") = "Nuclectic", "Nuclectic", "{E28CF4ED-F4B9-4767-9882-0DFBB5C8FB1D}"
EndProject
Project("{FAE04EC0-301F-11D3-BF4B-00C04F79EFBC}") = "Nuclectic.Geometry.Abstractions", "Nuclectic.Geometry.Abstractions\Nuclectic.Geometry.Abstractions.csproj", "{B8223C3E-4D28-4AAE-8234-FCA8501442CE}"
EndProject
Project("{FAE04EC0-301F-11D3-BF4B-00C04F79EFBC}") = "Nuclectic.Geometry", "Nuclectic.Geometry\Nuclectic.Geometry.csproj", "{9DE1E131-4AC2-45BD-A1FD-9C512F3F8554}"
EndProject
Project("{FAE04EC0-301F-11D3-BF4B-00C04F79EFBC}") = "Nuclectic.Geometry.TriD", "Nuclectic.Geometry.TriD\Nuclectic.Geometry.TriD.csproj", "{049603A8-8C77-42D6-8D8C-CD379DD8DB91}"
EndProject
Project("{FAE04EC0-301F-11D3-BF4B-00C04F79EFBC}") = "Nuclectic.Support.IO.Abstractions", "Nuclectic.Support.IO.Abstractions\Nuclectic.Support.IO.Abstractions.csproj", "{222F8D0E-EB3E-4562-AC2B-AE683BF257AF}"
EndProject
Project("{FAE04EC0-301F-11D3-BF4B-00C04F79EFBC}") = "Nuclectic.Support.IO", "Nuclectic.Support.IO\Nuclectic.Support.IO.csproj", "{CABD2A2A-52AF-4047-8C9C-915B0ED27CE8}"
EndProject
Project("{FAE04EC0-301F-11D3-BF4B-00C04F79EFBC}") = "Nuclectic.Support.Collections.Abstractions", "Nuclectic.Support.Collections.Abstractions\Nuclectic.Support.Collections.Abstractions.csproj", "{5C231E67-22F1-4A91-B120-39766BDB85C4}"
EndProject
Project("{FAE04EC0-301F-11D3-BF4B-00C04F79EFBC}") = "Nuclectic.Support.Collections", "Nuclectic.Support.Collections\Nuclectic.Support.Collections.csproj", "{74882C2F-3DDB-4FE1-AB00-227C0D93B5D0}"
EndProject
Project("{FAE04EC0-301F-11D3-BF4B-00C04F79EFBC}") = "Nuclectic.Support.Abstractions", "Nuclectic.Support.Abstractions\Nuclectic.Support.Abstractions.csproj", "{956F95EC-D3D8-491F-AEF1-5830243BE274}"
EndProject
Project("{FAE04EC0-301F-11D3-BF4B-00C04F79EFBC}") = "Nuclectic.Support.Helpers", "Nuclectic.Support.Helpers\Nuclectic.Support.Helpers.csproj", "{DE0C9D2E-92D9-40FE-951F-8355302A65DA}"
EndProject
Project("{FAE04EC0-301F-11D3-BF4B-00C04F79EFBC}") = "Nuclectic.Input.Abstractions", "Nuclectic.Input.Abstractions\Nuclectic.Input.Abstractions.csproj", "{7586DB23-8FC0-4AF8-B855-2A636BD431E6}"
EndProject
Global
	GlobalSection(SolutionConfigurationPlatforms) = preSolution
		Android|Any CPU = Android|Any CPU
		Android|Mixed Platforms = Android|Mixed Platforms
		Debug|Any CPU = Debug|Any CPU
		Debug|Mixed Platforms = Debug|Mixed Platforms
		iOS|Any CPU = iOS|Any CPU
		iOS|Mixed Platforms = iOS|Mixed Platforms
		Linux|Any CPU = Linux|Any CPU
		Linux|Mixed Platforms = Linux|Mixed Platforms
		OSX|Any CPU = OSX|Any CPU
		OSX|Mixed Platforms = OSX|Mixed Platforms
		PSM|Any CPU = PSM|Any CPU
		PSM|Mixed Platforms = PSM|Mixed Platforms
		Release|Any CPU = Release|Any CPU
		Release|Mixed Platforms = Release|Mixed Platforms
		Windows|Any CPU = Windows|Any CPU
		Windows|Mixed Platforms = Windows|Mixed Platforms
		Windows8|Any CPU = Windows8|Any CPU
		Windows8|Mixed Platforms = Windows8|Mixed Platforms
	EndGlobalSection
	GlobalSection(ProjectConfigurationPlatforms) = postSolution
		{6216E08B-9DC7-454E-B5ED-4615BB7236B1}.Android|Any CPU.ActiveCfg = Release|Any CPU
		{6216E08B-9DC7-454E-B5ED-4615BB7236B1}.Android|Any CPU.Build.0 = Release|Any CPU
		{6216E08B-9DC7-454E-B5ED-4615BB7236B1}.Android|Mixed Platforms.ActiveCfg = Release|Any CPU
		{6216E08B-9DC7-454E-B5ED-4615BB7236B1}.Android|Mixed Platforms.Build.0 = Release|Any CPU
		{6216E08B-9DC7-454E-B5ED-4615BB7236B1}.Debug|Any CPU.ActiveCfg = Debug|Any CPU
		{6216E08B-9DC7-454E-B5ED-4615BB7236B1}.Debug|Any CPU.Build.0 = Debug|Any CPU
		{6216E08B-9DC7-454E-B5ED-4615BB7236B1}.Debug|Mixed Platforms.ActiveCfg = Debug|Any CPU
		{6216E08B-9DC7-454E-B5ED-4615BB7236B1}.Debug|Mixed Platforms.Build.0 = Debug|Any CPU
		{6216E08B-9DC7-454E-B5ED-4615BB7236B1}.iOS|Any CPU.ActiveCfg = Release|Any CPU
		{6216E08B-9DC7-454E-B5ED-4615BB7236B1}.iOS|Any CPU.Build.0 = Release|Any CPU
		{6216E08B-9DC7-454E-B5ED-4615BB7236B1}.iOS|Mixed Platforms.ActiveCfg = Release|Any CPU
		{6216E08B-9DC7-454E-B5ED-4615BB7236B1}.iOS|Mixed Platforms.Build.0 = Release|Any CPU
		{6216E08B-9DC7-454E-B5ED-4615BB7236B1}.Linux|Any CPU.ActiveCfg = Release|Any CPU
		{6216E08B-9DC7-454E-B5ED-4615BB7236B1}.Linux|Any CPU.Build.0 = Release|Any CPU
		{6216E08B-9DC7-454E-B5ED-4615BB7236B1}.Linux|Mixed Platforms.ActiveCfg = Release|Any CPU
		{6216E08B-9DC7-454E-B5ED-4615BB7236B1}.Linux|Mixed Platforms.Build.0 = Release|Any CPU
		{6216E08B-9DC7-454E-B5ED-4615BB7236B1}.OSX|Any CPU.ActiveCfg = Release|Any CPU
		{6216E08B-9DC7-454E-B5ED-4615BB7236B1}.OSX|Any CPU.Build.0 = Release|Any CPU
		{6216E08B-9DC7-454E-B5ED-4615BB7236B1}.OSX|Mixed Platforms.ActiveCfg = Release|Any CPU
		{6216E08B-9DC7-454E-B5ED-4615BB7236B1}.OSX|Mixed Platforms.Build.0 = Release|Any CPU
		{6216E08B-9DC7-454E-B5ED-4615BB7236B1}.PSM|Any CPU.ActiveCfg = Release|Any CPU
		{6216E08B-9DC7-454E-B5ED-4615BB7236B1}.PSM|Any CPU.Build.0 = Release|Any CPU
		{6216E08B-9DC7-454E-B5ED-4615BB7236B1}.PSM|Mixed Platforms.ActiveCfg = Release|Any CPU
		{6216E08B-9DC7-454E-B5ED-4615BB7236B1}.PSM|Mixed Platforms.Build.0 = Release|Any CPU
		{6216E08B-9DC7-454E-B5ED-4615BB7236B1}.Release|Any CPU.ActiveCfg = Release|Any CPU
		{6216E08B-9DC7-454E-B5ED-4615BB7236B1}.Release|Any CPU.Build.0 = Release|Any CPU
		{6216E08B-9DC7-454E-B5ED-4615BB7236B1}.Release|Mixed Platforms.ActiveCfg = Release|Any CPU
		{6216E08B-9DC7-454E-B5ED-4615BB7236B1}.Release|Mixed Platforms.Build.0 = Release|Any CPU
		{6216E08B-9DC7-454E-B5ED-4615BB7236B1}.Windows|Any CPU.ActiveCfg = Release|Any CPU
		{6216E08B-9DC7-454E-B5ED-4615BB7236B1}.Windows|Any CPU.Build.0 = Release|Any CPU
		{6216E08B-9DC7-454E-B5ED-4615BB7236B1}.Windows|Mixed Platforms.ActiveCfg = Release|Any CPU
		{6216E08B-9DC7-454E-B5ED-4615BB7236B1}.Windows|Mixed Platforms.Build.0 = Release|Any CPU
		{6216E08B-9DC7-454E-B5ED-4615BB7236B1}.Windows8|Any CPU.ActiveCfg = Release|Any CPU
		{6216E08B-9DC7-454E-B5ED-4615BB7236B1}.Windows8|Any CPU.Build.0 = Release|Any CPU
		{6216E08B-9DC7-454E-B5ED-4615BB7236B1}.Windows8|Mixed Platforms.ActiveCfg = Release|Any CPU
		{6216E08B-9DC7-454E-B5ED-4615BB7236B1}.Windows8|Mixed Platforms.Build.0 = Release|Any CPU
		{2657D56C-14E2-4559-B0AA-60CDA30537F9}.Android|Any CPU.ActiveCfg = Release|x86
		{2657D56C-14E2-4559-B0AA-60CDA30537F9}.Android|Mixed Platforms.ActiveCfg = Release|x86
		{2657D56C-14E2-4559-B0AA-60CDA30537F9}.Android|Mixed Platforms.Build.0 = Release|x86
		{2657D56C-14E2-4559-B0AA-60CDA30537F9}.Debug|Any CPU.ActiveCfg = Debug|x86
		{2657D56C-14E2-4559-B0AA-60CDA30537F9}.Debug|Mixed Platforms.ActiveCfg = Debug|x86
		{2657D56C-14E2-4559-B0AA-60CDA30537F9}.Debug|Mixed Platforms.Build.0 = Debug|x86
		{2657D56C-14E2-4559-B0AA-60CDA30537F9}.iOS|Any CPU.ActiveCfg = Release|x86
		{2657D56C-14E2-4559-B0AA-60CDA30537F9}.iOS|Mixed Platforms.ActiveCfg = Release|x86
		{2657D56C-14E2-4559-B0AA-60CDA30537F9}.iOS|Mixed Platforms.Build.0 = Release|x86
		{2657D56C-14E2-4559-B0AA-60CDA30537F9}.Linux|Any CPU.ActiveCfg = Release|x86
		{2657D56C-14E2-4559-B0AA-60CDA30537F9}.Linux|Mixed Platforms.ActiveCfg = Release|x86
		{2657D56C-14E2-4559-B0AA-60CDA30537F9}.Linux|Mixed Platforms.Build.0 = Release|x86
		{2657D56C-14E2-4559-B0AA-60CDA30537F9}.OSX|Any CPU.ActiveCfg = Release|x86
		{2657D56C-14E2-4559-B0AA-60CDA30537F9}.OSX|Mixed Platforms.ActiveCfg = Release|x86
		{2657D56C-14E2-4559-B0AA-60CDA30537F9}.OSX|Mixed Platforms.Build.0 = Release|x86
		{2657D56C-14E2-4559-B0AA-60CDA30537F9}.PSM|Any CPU.ActiveCfg = Release|x86
		{2657D56C-14E2-4559-B0AA-60CDA30537F9}.PSM|Mixed Platforms.ActiveCfg = Release|x86
		{2657D56C-14E2-4559-B0AA-60CDA30537F9}.PSM|Mixed Platforms.Build.0 = Release|x86
		{2657D56C-14E2-4559-B0AA-60CDA30537F9}.Release|Any CPU.ActiveCfg = Release|x86
		{2657D56C-14E2-4559-B0AA-60CDA30537F9}.Release|Mixed Platforms.ActiveCfg = Release|x86
		{2657D56C-14E2-4559-B0AA-60CDA30537F9}.Release|Mixed Platforms.Build.0 = Release|x86
		{2657D56C-14E2-4559-B0AA-60CDA30537F9}.Windows|Any CPU.ActiveCfg = Release|x86
		{2657D56C-14E2-4559-B0AA-60CDA30537F9}.Windows|Mixed Platforms.ActiveCfg = Release|x86
		{2657D56C-14E2-4559-B0AA-60CDA30537F9}.Windows|Mixed Platforms.Build.0 = Release|x86
		{2657D56C-14E2-4559-B0AA-60CDA30537F9}.Windows8|Any CPU.ActiveCfg = Release|x86
		{2657D56C-14E2-4559-B0AA-60CDA30537F9}.Windows8|Mixed Platforms.ActiveCfg = Release|x86
		{2657D56C-14E2-4559-B0AA-60CDA30537F9}.Windows8|Mixed Platforms.Build.0 = Release|x86
		{4216E08B-9DC7-454E-B5ED-4615BB7236B2}.Android|Any CPU.ActiveCfg = Release|Any CPU
		{4216E08B-9DC7-454E-B5ED-4615BB7236B2}.Android|Any CPU.Build.0 = Release|Any CPU
		{4216E08B-9DC7-454E-B5ED-4615BB7236B2}.Android|Mixed Platforms.ActiveCfg = Release|Any CPU
		{4216E08B-9DC7-454E-B5ED-4615BB7236B2}.Android|Mixed Platforms.Build.0 = Release|Any CPU
		{4216E08B-9DC7-454E-B5ED-4615BB7236B2}.Debug|Any CPU.ActiveCfg = Debug|Any CPU
		{4216E08B-9DC7-454E-B5ED-4615BB7236B2}.Debug|Any CPU.Build.0 = Debug|Any CPU
		{4216E08B-9DC7-454E-B5ED-4615BB7236B2}.Debug|Mixed Platforms.ActiveCfg = Debug|Any CPU
		{4216E08B-9DC7-454E-B5ED-4615BB7236B2}.Debug|Mixed Platforms.Build.0 = Debug|Any CPU
		{4216E08B-9DC7-454E-B5ED-4615BB7236B2}.iOS|Any CPU.ActiveCfg = Release|Any CPU
		{4216E08B-9DC7-454E-B5ED-4615BB7236B2}.iOS|Any CPU.Build.0 = Release|Any CPU
		{4216E08B-9DC7-454E-B5ED-4615BB7236B2}.iOS|Mixed Platforms.ActiveCfg = Release|Any CPU
		{4216E08B-9DC7-454E-B5ED-4615BB7236B2}.iOS|Mixed Platforms.Build.0 = Release|Any CPU
		{4216E08B-9DC7-454E-B5ED-4615BB7236B2}.Linux|Any CPU.ActiveCfg = Release|Any CPU
		{4216E08B-9DC7-454E-B5ED-4615BB7236B2}.Linux|Any CPU.Build.0 = Release|Any CPU
		{4216E08B-9DC7-454E-B5ED-4615BB7236B2}.Linux|Mixed Platforms.ActiveCfg = Release|Any CPU
		{4216E08B-9DC7-454E-B5ED-4615BB7236B2}.Linux|Mixed Platforms.Build.0 = Release|Any CPU
		{4216E08B-9DC7-454E-B5ED-4615BB7236B2}.OSX|Any CPU.ActiveCfg = Release|Any CPU
		{4216E08B-9DC7-454E-B5ED-4615BB7236B2}.OSX|Any CPU.Build.0 = Release|Any CPU
		{4216E08B-9DC7-454E-B5ED-4615BB7236B2}.OSX|Mixed Platforms.ActiveCfg = Release|Any CPU
		{4216E08B-9DC7-454E-B5ED-4615BB7236B2}.OSX|Mixed Platforms.Build.0 = Release|Any CPU
		{4216E08B-9DC7-454E-B5ED-4615BB7236B2}.PSM|Any CPU.ActiveCfg = Release|Any CPU
		{4216E08B-9DC7-454E-B5ED-4615BB7236B2}.PSM|Any CPU.Build.0 = Release|Any CPU
		{4216E08B-9DC7-454E-B5ED-4615BB7236B2}.PSM|Mixed Platforms.ActiveCfg = Release|Any CPU
		{4216E08B-9DC7-454E-B5ED-4615BB7236B2}.PSM|Mixed Platforms.Build.0 = Release|Any CPU
		{4216E08B-9DC7-454E-B5ED-4615BB7236B2}.Release|Any CPU.ActiveCfg = Release|Any CPU
		{4216E08B-9DC7-454E-B5ED-4615BB7236B2}.Release|Any CPU.Build.0 = Release|Any CPU
		{4216E08B-9DC7-454E-B5ED-4615BB7236B2}.Release|Mixed Platforms.ActiveCfg = Release|Any CPU
		{4216E08B-9DC7-454E-B5ED-4615BB7236B2}.Release|Mixed Platforms.Build.0 = Release|Any CPU
		{4216E08B-9DC7-454E-B5ED-4615BB7236B2}.Windows|Any CPU.ActiveCfg = Release|Any CPU
		{4216E08B-9DC7-454E-B5ED-4615BB7236B2}.Windows|Any CPU.Build.0 = Release|Any CPU
		{4216E08B-9DC7-454E-B5ED-4615BB7236B2}.Windows|Mixed Platforms.ActiveCfg = Release|Any CPU
		{4216E08B-9DC7-454E-B5ED-4615BB7236B2}.Windows|Mixed Platforms.Build.0 = Release|Any CPU
		{4216E08B-9DC7-454E-B5ED-4615BB7236B2}.Windows8|Any CPU.ActiveCfg = Release|Any CPU
		{4216E08B-9DC7-454E-B5ED-4615BB7236B2}.Windows8|Any CPU.Build.0 = Release|Any CPU
		{4216E08B-9DC7-454E-B5ED-4615BB7236B2}.Windows8|Mixed Platforms.ActiveCfg = Release|Any CPU
		{4216E08B-9DC7-454E-B5ED-4615BB7236B2}.Windows8|Mixed Platforms.Build.0 = Release|Any CPU
		{A99D2EC9-89C2-4753-AB17-F50E8160C4FB}.Android|Any CPU.ActiveCfg = Release|Any CPU
		{A99D2EC9-89C2-4753-AB17-F50E8160C4FB}.Android|Any CPU.Build.0 = Release|Any CPU
		{A99D2EC9-89C2-4753-AB17-F50E8160C4FB}.Android|Mixed Platforms.ActiveCfg = Debug|x86
		{A99D2EC9-89C2-4753-AB17-F50E8160C4FB}.Android|Mixed Platforms.Build.0 = Debug|x86
		{A99D2EC9-89C2-4753-AB17-F50E8160C4FB}.Debug|Any CPU.ActiveCfg = Debug|Any CPU
		{A99D2EC9-89C2-4753-AB17-F50E8160C4FB}.Debug|Any CPU.Build.0 = Debug|Any CPU
		{A99D2EC9-89C2-4753-AB17-F50E8160C4FB}.Debug|Mixed Platforms.ActiveCfg = Debug|Any CPU
		{A99D2EC9-89C2-4753-AB17-F50E8160C4FB}.Debug|Mixed Platforms.Build.0 = Debug|Any CPU
		{A99D2EC9-89C2-4753-AB17-F50E8160C4FB}.iOS|Any CPU.ActiveCfg = Release|Any CPU
		{A99D2EC9-89C2-4753-AB17-F50E8160C4FB}.iOS|Any CPU.Build.0 = Release|Any CPU
		{A99D2EC9-89C2-4753-AB17-F50E8160C4FB}.iOS|Mixed Platforms.ActiveCfg = Debug|x86
		{A99D2EC9-89C2-4753-AB17-F50E8160C4FB}.iOS|Mixed Platforms.Build.0 = Debug|x86
		{A99D2EC9-89C2-4753-AB17-F50E8160C4FB}.Linux|Any CPU.ActiveCfg = Release|Any CPU
		{A99D2EC9-89C2-4753-AB17-F50E8160C4FB}.Linux|Any CPU.Build.0 = Release|Any CPU
		{A99D2EC9-89C2-4753-AB17-F50E8160C4FB}.Linux|Mixed Platforms.ActiveCfg = Debug|x86
		{A99D2EC9-89C2-4753-AB17-F50E8160C4FB}.Linux|Mixed Platforms.Build.0 = Debug|x86
		{A99D2EC9-89C2-4753-AB17-F50E8160C4FB}.OSX|Any CPU.ActiveCfg = Release|Any CPU
		{A99D2EC9-89C2-4753-AB17-F50E8160C4FB}.OSX|Any CPU.Build.0 = Release|Any CPU
		{A99D2EC9-89C2-4753-AB17-F50E8160C4FB}.OSX|Mixed Platforms.ActiveCfg = Debug|x86
		{A99D2EC9-89C2-4753-AB17-F50E8160C4FB}.OSX|Mixed Platforms.Build.0 = Debug|x86
		{A99D2EC9-89C2-4753-AB17-F50E8160C4FB}.PSM|Any CPU.ActiveCfg = Release|Any CPU
		{A99D2EC9-89C2-4753-AB17-F50E8160C4FB}.PSM|Any CPU.Build.0 = Release|Any CPU
		{A99D2EC9-89C2-4753-AB17-F50E8160C4FB}.PSM|Mixed Platforms.ActiveCfg = Debug|x86
		{A99D2EC9-89C2-4753-AB17-F50E8160C4FB}.PSM|Mixed Platforms.Build.0 = Debug|x86
		{A99D2EC9-89C2-4753-AB17-F50E8160C4FB}.Release|Any CPU.ActiveCfg = Release|Any CPU
		{A99D2EC9-89C2-4753-AB17-F50E8160C4FB}.Release|Any CPU.Build.0 = Release|Any CPU
		{A99D2EC9-89C2-4753-AB17-F50E8160C4FB}.Release|Mixed Platforms.ActiveCfg = Release|x86
		{A99D2EC9-89C2-4753-AB17-F50E8160C4FB}.Release|Mixed Platforms.Build.0 = Release|x86
		{A99D2EC9-89C2-4753-AB17-F50E8160C4FB}.Windows|Any CPU.ActiveCfg = Release|Any CPU
		{A99D2EC9-89C2-4753-AB17-F50E8160C4FB}.Windows|Any CPU.Build.0 = Release|Any CPU
		{A99D2EC9-89C2-4753-AB17-F50E8160C4FB}.Windows|Mixed Platforms.ActiveCfg = Debug|x86
		{A99D2EC9-89C2-4753-AB17-F50E8160C4FB}.Windows|Mixed Platforms.Build.0 = Debug|x86
		{A99D2EC9-89C2-4753-AB17-F50E8160C4FB}.Windows8|Any CPU.ActiveCfg = Release|Any CPU
		{A99D2EC9-89C2-4753-AB17-F50E8160C4FB}.Windows8|Any CPU.Build.0 = Release|Any CPU
		{A99D2EC9-89C2-4753-AB17-F50E8160C4FB}.Windows8|Mixed Platforms.ActiveCfg = Debug|x86
		{A99D2EC9-89C2-4753-AB17-F50E8160C4FB}.Windows8|Mixed Platforms.Build.0 = Debug|x86
		{B280D2AC-B647-453A-B5B9-A331E7B2B414}.Android|Any CPU.ActiveCfg = Release|Any CPU
		{B280D2AC-B647-453A-B5B9-A331E7B2B414}.Android|Any CPU.Build.0 = Release|Any CPU
		{B280D2AC-B647-453A-B5B9-A331E7B2B414}.Android|Mixed Platforms.ActiveCfg = Release|Any CPU
		{B280D2AC-B647-453A-B5B9-A331E7B2B414}.Android|Mixed Platforms.Build.0 = Release|Any CPU
		{B280D2AC-B647-453A-B5B9-A331E7B2B414}.Debug|Any CPU.ActiveCfg = Debug|Any CPU
		{B280D2AC-B647-453A-B5B9-A331E7B2B414}.Debug|Any CPU.Build.0 = Debug|Any CPU
		{B280D2AC-B647-453A-B5B9-A331E7B2B414}.Debug|Mixed Platforms.ActiveCfg = Debug|Any CPU
		{B280D2AC-B647-453A-B5B9-A331E7B2B414}.Debug|Mixed Platforms.Build.0 = Debug|Any CPU
		{B280D2AC-B647-453A-B5B9-A331E7B2B414}.iOS|Any CPU.ActiveCfg = Release|Any CPU
		{B280D2AC-B647-453A-B5B9-A331E7B2B414}.iOS|Any CPU.Build.0 = Release|Any CPU
		{B280D2AC-B647-453A-B5B9-A331E7B2B414}.iOS|Mixed Platforms.ActiveCfg = Release|Any CPU
		{B280D2AC-B647-453A-B5B9-A331E7B2B414}.iOS|Mixed Platforms.Build.0 = Release|Any CPU
		{B280D2AC-B647-453A-B5B9-A331E7B2B414}.Linux|Any CPU.ActiveCfg = Release|Any CPU
		{B280D2AC-B647-453A-B5B9-A331E7B2B414}.Linux|Any CPU.Build.0 = Release|Any CPU
		{B280D2AC-B647-453A-B5B9-A331E7B2B414}.Linux|Mixed Platforms.ActiveCfg = Release|Any CPU
		{B280D2AC-B647-453A-B5B9-A331E7B2B414}.Linux|Mixed Platforms.Build.0 = Release|Any CPU
		{B280D2AC-B647-453A-B5B9-A331E7B2B414}.OSX|Any CPU.ActiveCfg = Release|Any CPU
		{B280D2AC-B647-453A-B5B9-A331E7B2B414}.OSX|Any CPU.Build.0 = Release|Any CPU
		{B280D2AC-B647-453A-B5B9-A331E7B2B414}.OSX|Mixed Platforms.ActiveCfg = Release|Any CPU
		{B280D2AC-B647-453A-B5B9-A331E7B2B414}.OSX|Mixed Platforms.Build.0 = Release|Any CPU
		{B280D2AC-B647-453A-B5B9-A331E7B2B414}.PSM|Any CPU.ActiveCfg = Release|Any CPU
		{B280D2AC-B647-453A-B5B9-A331E7B2B414}.PSM|Any CPU.Build.0 = Release|Any CPU
		{B280D2AC-B647-453A-B5B9-A331E7B2B414}.PSM|Mixed Platforms.ActiveCfg = Release|Any CPU
		{B280D2AC-B647-453A-B5B9-A331E7B2B414}.PSM|Mixed Platforms.Build.0 = Release|Any CPU
		{B280D2AC-B647-453A-B5B9-A331E7B2B414}.Release|Any CPU.ActiveCfg = Release|Any CPU
		{B280D2AC-B647-453A-B5B9-A331E7B2B414}.Release|Any CPU.Build.0 = Release|Any CPU
		{B280D2AC-B647-453A-B5B9-A331E7B2B414}.Release|Mixed Platforms.ActiveCfg = Release|Any CPU
		{B280D2AC-B647-453A-B5B9-A331E7B2B414}.Release|Mixed Platforms.Build.0 = Release|Any CPU
		{B280D2AC-B647-453A-B5B9-A331E7B2B414}.Windows|Any CPU.ActiveCfg = Release|Any CPU
		{B280D2AC-B647-453A-B5B9-A331E7B2B414}.Windows|Any CPU.Build.0 = Release|Any CPU
		{B280D2AC-B647-453A-B5B9-A331E7B2B414}.Windows|Mixed Platforms.ActiveCfg = Release|Any CPU
		{B280D2AC-B647-453A-B5B9-A331E7B2B414}.Windows|Mixed Platforms.Build.0 = Release|Any CPU
		{B280D2AC-B647-453A-B5B9-A331E7B2B414}.Windows8|Any CPU.ActiveCfg = Release|Any CPU
		{B280D2AC-B647-453A-B5B9-A331E7B2B414}.Windows8|Any CPU.Build.0 = Release|Any CPU
		{B280D2AC-B647-453A-B5B9-A331E7B2B414}.Windows8|Mixed Platforms.ActiveCfg = Release|Any CPU
		{B280D2AC-B647-453A-B5B9-A331E7B2B414}.Windows8|Mixed Platforms.Build.0 = Release|Any CPU
		{816FCA8A-60CF-4562-8AE0-F25E49D25F32}.Android|Any CPU.ActiveCfg = Release|x86
		{816FCA8A-60CF-4562-8AE0-F25E49D25F32}.Android|Mixed Platforms.ActiveCfg = Release|x86
		{816FCA8A-60CF-4562-8AE0-F25E49D25F32}.Android|Mixed Platforms.Build.0 = Release|x86
		{816FCA8A-60CF-4562-8AE0-F25E49D25F32}.Debug|Any CPU.ActiveCfg = Debug|x86
		{816FCA8A-60CF-4562-8AE0-F25E49D25F32}.Debug|Mixed Platforms.ActiveCfg = Debug|x86
		{816FCA8A-60CF-4562-8AE0-F25E49D25F32}.Debug|Mixed Platforms.Build.0 = Debug|x86
		{816FCA8A-60CF-4562-8AE0-F25E49D25F32}.iOS|Any CPU.ActiveCfg = Release|x86
		{816FCA8A-60CF-4562-8AE0-F25E49D25F32}.iOS|Mixed Platforms.ActiveCfg = Release|x86
		{816FCA8A-60CF-4562-8AE0-F25E49D25F32}.iOS|Mixed Platforms.Build.0 = Release|x86
		{816FCA8A-60CF-4562-8AE0-F25E49D25F32}.Linux|Any CPU.ActiveCfg = Release|x86
		{816FCA8A-60CF-4562-8AE0-F25E49D25F32}.Linux|Mixed Platforms.ActiveCfg = Release|x86
		{816FCA8A-60CF-4562-8AE0-F25E49D25F32}.Linux|Mixed Platforms.Build.0 = Release|x86
		{816FCA8A-60CF-4562-8AE0-F25E49D25F32}.OSX|Any CPU.ActiveCfg = Release|x86
		{816FCA8A-60CF-4562-8AE0-F25E49D25F32}.OSX|Mixed Platforms.ActiveCfg = Release|x86
		{816FCA8A-60CF-4562-8AE0-F25E49D25F32}.OSX|Mixed Platforms.Build.0 = Release|x86
		{816FCA8A-60CF-4562-8AE0-F25E49D25F32}.PSM|Any CPU.ActiveCfg = Release|x86
		{816FCA8A-60CF-4562-8AE0-F25E49D25F32}.PSM|Mixed Platforms.ActiveCfg = Release|x86
		{816FCA8A-60CF-4562-8AE0-F25E49D25F32}.PSM|Mixed Platforms.Build.0 = Release|x86
		{816FCA8A-60CF-4562-8AE0-F25E49D25F32}.Release|Any CPU.ActiveCfg = Release|x86
		{816FCA8A-60CF-4562-8AE0-F25E49D25F32}.Release|Mixed Platforms.ActiveCfg = Release|x86
		{816FCA8A-60CF-4562-8AE0-F25E49D25F32}.Release|Mixed Platforms.Build.0 = Release|x86
		{816FCA8A-60CF-4562-8AE0-F25E49D25F32}.Windows|Any CPU.ActiveCfg = Release|x86
		{816FCA8A-60CF-4562-8AE0-F25E49D25F32}.Windows|Mixed Platforms.ActiveCfg = Release|x86
		{816FCA8A-60CF-4562-8AE0-F25E49D25F32}.Windows|Mixed Platforms.Build.0 = Release|x86
		{816FCA8A-60CF-4562-8AE0-F25E49D25F32}.Windows8|Any CPU.ActiveCfg = Release|x86
		{816FCA8A-60CF-4562-8AE0-F25E49D25F32}.Windows8|Mixed Platforms.ActiveCfg = Release|x86
		{816FCA8A-60CF-4562-8AE0-F25E49D25F32}.Windows8|Mixed Platforms.Build.0 = Release|x86
		{F33AA006-56E1-4D6D-8262-20BEFC2A448A}.Android|Any CPU.ActiveCfg = Release|Any CPU
		{F33AA006-56E1-4D6D-8262-20BEFC2A448A}.Android|Any CPU.Build.0 = Release|Any CPU
		{F33AA006-56E1-4D6D-8262-20BEFC2A448A}.Android|Any CPU.Deploy.0 = Release|Any CPU
		{F33AA006-56E1-4D6D-8262-20BEFC2A448A}.Android|Mixed Platforms.ActiveCfg = Debug|x86
		{F33AA006-56E1-4D6D-8262-20BEFC2A448A}.Android|Mixed Platforms.Build.0 = Debug|x86
		{F33AA006-56E1-4D6D-8262-20BEFC2A448A}.Android|Mixed Platforms.Deploy.0 = Debug|x86
		{F33AA006-56E1-4D6D-8262-20BEFC2A448A}.Debug|Any CPU.ActiveCfg = Debug|Any CPU
		{F33AA006-56E1-4D6D-8262-20BEFC2A448A}.Debug|Any CPU.Build.0 = Debug|Any CPU
		{F33AA006-56E1-4D6D-8262-20BEFC2A448A}.Debug|Any CPU.Deploy.0 = Debug|Any CPU
		{F33AA006-56E1-4D6D-8262-20BEFC2A448A}.Debug|Mixed Platforms.ActiveCfg = Debug|Any CPU
		{F33AA006-56E1-4D6D-8262-20BEFC2A448A}.Debug|Mixed Platforms.Build.0 = Debug|Any CPU
		{F33AA006-56E1-4D6D-8262-20BEFC2A448A}.Debug|Mixed Platforms.Deploy.0 = Debug|Any CPU
		{F33AA006-56E1-4D6D-8262-20BEFC2A448A}.iOS|Any CPU.ActiveCfg = Release|Any CPU
		{F33AA006-56E1-4D6D-8262-20BEFC2A448A}.iOS|Any CPU.Build.0 = Release|Any CPU
		{F33AA006-56E1-4D6D-8262-20BEFC2A448A}.iOS|Any CPU.Deploy.0 = Release|Any CPU
		{F33AA006-56E1-4D6D-8262-20BEFC2A448A}.iOS|Mixed Platforms.ActiveCfg = Debug|x86
		{F33AA006-56E1-4D6D-8262-20BEFC2A448A}.iOS|Mixed Platforms.Build.0 = Debug|x86
		{F33AA006-56E1-4D6D-8262-20BEFC2A448A}.iOS|Mixed Platforms.Deploy.0 = Debug|x86
		{F33AA006-56E1-4D6D-8262-20BEFC2A448A}.Linux|Any CPU.ActiveCfg = Release|Any CPU
		{F33AA006-56E1-4D6D-8262-20BEFC2A448A}.Linux|Any CPU.Build.0 = Release|Any CPU
		{F33AA006-56E1-4D6D-8262-20BEFC2A448A}.Linux|Any CPU.Deploy.0 = Release|Any CPU
		{F33AA006-56E1-4D6D-8262-20BEFC2A448A}.Linux|Mixed Platforms.ActiveCfg = Debug|x86
		{F33AA006-56E1-4D6D-8262-20BEFC2A448A}.Linux|Mixed Platforms.Build.0 = Debug|x86
		{F33AA006-56E1-4D6D-8262-20BEFC2A448A}.Linux|Mixed Platforms.Deploy.0 = Debug|x86
		{F33AA006-56E1-4D6D-8262-20BEFC2A448A}.OSX|Any CPU.ActiveCfg = Release|Any CPU
		{F33AA006-56E1-4D6D-8262-20BEFC2A448A}.OSX|Any CPU.Build.0 = Release|Any CPU
		{F33AA006-56E1-4D6D-8262-20BEFC2A448A}.OSX|Any CPU.Deploy.0 = Release|Any CPU
		{F33AA006-56E1-4D6D-8262-20BEFC2A448A}.OSX|Mixed Platforms.ActiveCfg = Debug|x86
		{F33AA006-56E1-4D6D-8262-20BEFC2A448A}.OSX|Mixed Platforms.Build.0 = Debug|x86
		{F33AA006-56E1-4D6D-8262-20BEFC2A448A}.OSX|Mixed Platforms.Deploy.0 = Debug|x86
		{F33AA006-56E1-4D6D-8262-20BEFC2A448A}.PSM|Any CPU.ActiveCfg = Release|Any CPU
		{F33AA006-56E1-4D6D-8262-20BEFC2A448A}.PSM|Any CPU.Build.0 = Release|Any CPU
		{F33AA006-56E1-4D6D-8262-20BEFC2A448A}.PSM|Any CPU.Deploy.0 = Release|Any CPU
		{F33AA006-56E1-4D6D-8262-20BEFC2A448A}.PSM|Mixed Platforms.ActiveCfg = Debug|x86
		{F33AA006-56E1-4D6D-8262-20BEFC2A448A}.PSM|Mixed Platforms.Build.0 = Debug|x86
		{F33AA006-56E1-4D6D-8262-20BEFC2A448A}.PSM|Mixed Platforms.Deploy.0 = Debug|x86
		{F33AA006-56E1-4D6D-8262-20BEFC2A448A}.Release|Any CPU.ActiveCfg = Release|Any CPU
		{F33AA006-56E1-4D6D-8262-20BEFC2A448A}.Release|Any CPU.Build.0 = Release|Any CPU
		{F33AA006-56E1-4D6D-8262-20BEFC2A448A}.Release|Any CPU.Deploy.0 = Release|Any CPU
		{F33AA006-56E1-4D6D-8262-20BEFC2A448A}.Release|Mixed Platforms.ActiveCfg = Release|x86
		{F33AA006-56E1-4D6D-8262-20BEFC2A448A}.Release|Mixed Platforms.Build.0 = Release|x86
		{F33AA006-56E1-4D6D-8262-20BEFC2A448A}.Release|Mixed Platforms.Deploy.0 = Release|x86
		{F33AA006-56E1-4D6D-8262-20BEFC2A448A}.Windows|Any CPU.ActiveCfg = Release|Any CPU
		{F33AA006-56E1-4D6D-8262-20BEFC2A448A}.Windows|Any CPU.Build.0 = Release|Any CPU
		{F33AA006-56E1-4D6D-8262-20BEFC2A448A}.Windows|Any CPU.Deploy.0 = Release|Any CPU
		{F33AA006-56E1-4D6D-8262-20BEFC2A448A}.Windows|Mixed Platforms.ActiveCfg = Debug|x86
		{F33AA006-56E1-4D6D-8262-20BEFC2A448A}.Windows|Mixed Platforms.Build.0 = Debug|x86
		{F33AA006-56E1-4D6D-8262-20BEFC2A448A}.Windows|Mixed Platforms.Deploy.0 = Debug|x86
		{F33AA006-56E1-4D6D-8262-20BEFC2A448A}.Windows8|Any CPU.ActiveCfg = Release|Any CPU
		{F33AA006-56E1-4D6D-8262-20BEFC2A448A}.Windows8|Any CPU.Build.0 = Release|Any CPU
		{F33AA006-56E1-4D6D-8262-20BEFC2A448A}.Windows8|Any CPU.Deploy.0 = Release|Any CPU
		{F33AA006-56E1-4D6D-8262-20BEFC2A448A}.Windows8|Mixed Platforms.ActiveCfg = Debug|x86
		{F33AA006-56E1-4D6D-8262-20BEFC2A448A}.Windows8|Mixed Platforms.Build.0 = Debug|x86
		{F33AA006-56E1-4D6D-8262-20BEFC2A448A}.Windows8|Mixed Platforms.Deploy.0 = Debug|x86
		{59E08DDD-AF38-46F8-847E-87E82ADFCF6C}.Android|Any CPU.ActiveCfg = Android|Any CPU
		{59E08DDD-AF38-46F8-847E-87E82ADFCF6C}.Android|Any CPU.Build.0 = Android|Any CPU
		{59E08DDD-AF38-46F8-847E-87E82ADFCF6C}.Android|Mixed Platforms.ActiveCfg = Android|Any CPU
		{59E08DDD-AF38-46F8-847E-87E82ADFCF6C}.Android|Mixed Platforms.Build.0 = Android|Any CPU
		{59E08DDD-AF38-46F8-847E-87E82ADFCF6C}.Debug|Any CPU.ActiveCfg = PSM|Any CPU
		{59E08DDD-AF38-46F8-847E-87E82ADFCF6C}.Debug|Any CPU.Build.0 = PSM|Any CPU
		{59E08DDD-AF38-46F8-847E-87E82ADFCF6C}.Debug|Mixed Platforms.ActiveCfg = PSM|Any CPU
		{59E08DDD-AF38-46F8-847E-87E82ADFCF6C}.Debug|Mixed Platforms.Build.0 = PSM|Any CPU
		{59E08DDD-AF38-46F8-847E-87E82ADFCF6C}.iOS|Any CPU.ActiveCfg = iOS|Any CPU
		{59E08DDD-AF38-46F8-847E-87E82ADFCF6C}.iOS|Any CPU.Build.0 = iOS|Any CPU
		{59E08DDD-AF38-46F8-847E-87E82ADFCF6C}.iOS|Mixed Platforms.ActiveCfg = iOS|Any CPU
		{59E08DDD-AF38-46F8-847E-87E82ADFCF6C}.iOS|Mixed Platforms.Build.0 = iOS|Any CPU
		{59E08DDD-AF38-46F8-847E-87E82ADFCF6C}.Linux|Any CPU.ActiveCfg = Linux|Any CPU
		{59E08DDD-AF38-46F8-847E-87E82ADFCF6C}.Linux|Any CPU.Build.0 = Linux|Any CPU
		{59E08DDD-AF38-46F8-847E-87E82ADFCF6C}.Linux|Mixed Platforms.ActiveCfg = Linux|Any CPU
		{59E08DDD-AF38-46F8-847E-87E82ADFCF6C}.Linux|Mixed Platforms.Build.0 = Linux|Any CPU
		{59E08DDD-AF38-46F8-847E-87E82ADFCF6C}.OSX|Any CPU.ActiveCfg = OSX|Any CPU
		{59E08DDD-AF38-46F8-847E-87E82ADFCF6C}.OSX|Any CPU.Build.0 = OSX|Any CPU
		{59E08DDD-AF38-46F8-847E-87E82ADFCF6C}.OSX|Mixed Platforms.ActiveCfg = OSX|Any CPU
		{59E08DDD-AF38-46F8-847E-87E82ADFCF6C}.OSX|Mixed Platforms.Build.0 = OSX|Any CPU
		{59E08DDD-AF38-46F8-847E-87E82ADFCF6C}.PSM|Any CPU.ActiveCfg = PSM|Any CPU
		{59E08DDD-AF38-46F8-847E-87E82ADFCF6C}.PSM|Any CPU.Build.0 = PSM|Any CPU
		{59E08DDD-AF38-46F8-847E-87E82ADFCF6C}.PSM|Mixed Platforms.ActiveCfg = PSM|Any CPU
		{59E08DDD-AF38-46F8-847E-87E82ADFCF6C}.PSM|Mixed Platforms.Build.0 = PSM|Any CPU
		{59E08DDD-AF38-46F8-847E-87E82ADFCF6C}.Release|Any CPU.ActiveCfg = PSM|Any CPU
		{59E08DDD-AF38-46F8-847E-87E82ADFCF6C}.Release|Any CPU.Build.0 = PSM|Any CPU
		{59E08DDD-AF38-46F8-847E-87E82ADFCF6C}.Release|Mixed Platforms.ActiveCfg = PSM|Any CPU
		{59E08DDD-AF38-46F8-847E-87E82ADFCF6C}.Release|Mixed Platforms.Build.0 = PSM|Any CPU
		{59E08DDD-AF38-46F8-847E-87E82ADFCF6C}.Windows|Any CPU.ActiveCfg = Windows|Any CPU
		{59E08DDD-AF38-46F8-847E-87E82ADFCF6C}.Windows|Any CPU.Build.0 = Windows|Any CPU
		{59E08DDD-AF38-46F8-847E-87E82ADFCF6C}.Windows|Mixed Platforms.ActiveCfg = Windows|Any CPU
		{59E08DDD-AF38-46F8-847E-87E82ADFCF6C}.Windows|Mixed Platforms.Build.0 = Windows|Any CPU
		{59E08DDD-AF38-46F8-847E-87E82ADFCF6C}.Windows8|Any CPU.ActiveCfg = Windows8|Any CPU
		{59E08DDD-AF38-46F8-847E-87E82ADFCF6C}.Windows8|Any CPU.Build.0 = Windows8|Any CPU
		{59E08DDD-AF38-46F8-847E-87E82ADFCF6C}.Windows8|Mixed Platforms.ActiveCfg = Windows8|Any CPU
		{59E08DDD-AF38-46F8-847E-87E82ADFCF6C}.Windows8|Mixed Platforms.Build.0 = Windows8|Any CPU
		{737AE6D0-AB1E-4B2B-BD02-12E3426A48E8}.Android|Any CPU.ActiveCfg = Android|Any CPU
		{737AE6D0-AB1E-4B2B-BD02-12E3426A48E8}.Android|Mixed Platforms.ActiveCfg = Android|Any CPU
		{737AE6D0-AB1E-4B2B-BD02-12E3426A48E8}.Debug|Any CPU.ActiveCfg = PSM|Any CPU
		{737AE6D0-AB1E-4B2B-BD02-12E3426A48E8}.Debug|Mixed Platforms.ActiveCfg = PSM|Any CPU
		{737AE6D0-AB1E-4B2B-BD02-12E3426A48E8}.iOS|Any CPU.ActiveCfg = iOS|Any CPU
		{737AE6D0-AB1E-4B2B-BD02-12E3426A48E8}.iOS|Mixed Platforms.ActiveCfg = iOS|Any CPU
		{737AE6D0-AB1E-4B2B-BD02-12E3426A48E8}.Linux|Any CPU.ActiveCfg = Linux|Any CPU
		{737AE6D0-AB1E-4B2B-BD02-12E3426A48E8}.Linux|Mixed Platforms.ActiveCfg = Linux|Any CPU
		{737AE6D0-AB1E-4B2B-BD02-12E3426A48E8}.OSX|Any CPU.ActiveCfg = OSX|Any CPU
		{737AE6D0-AB1E-4B2B-BD02-12E3426A48E8}.OSX|Mixed Platforms.ActiveCfg = OSX|Any CPU
		{737AE6D0-AB1E-4B2B-BD02-12E3426A48E8}.PSM|Any CPU.ActiveCfg = PSM|Any CPU
		{737AE6D0-AB1E-4B2B-BD02-12E3426A48E8}.PSM|Mixed Platforms.ActiveCfg = PSM|Any CPU
		{737AE6D0-AB1E-4B2B-BD02-12E3426A48E8}.Release|Any CPU.ActiveCfg = PSM|Any CPU
		{737AE6D0-AB1E-4B2B-BD02-12E3426A48E8}.Release|Mixed Platforms.ActiveCfg = PSM|Any CPU
		{737AE6D0-AB1E-4B2B-BD02-12E3426A48E8}.Windows|Any CPU.ActiveCfg = Windows|Any CPU
		{737AE6D0-AB1E-4B2B-BD02-12E3426A48E8}.Windows|Mixed Platforms.ActiveCfg = Windows|Any CPU
		{737AE6D0-AB1E-4B2B-BD02-12E3426A48E8}.Windows8|Any CPU.ActiveCfg = Windows8|Any CPU
		{737AE6D0-AB1E-4B2B-BD02-12E3426A48E8}.Windows8|Mixed Platforms.ActiveCfg = Windows8|Any CPU
		{B8223C3E-4D28-4AAE-8234-FCA8501442CE}.Android|Any CPU.ActiveCfg = Release|Any CPU
		{B8223C3E-4D28-4AAE-8234-FCA8501442CE}.Android|Any CPU.Build.0 = Release|Any CPU
		{B8223C3E-4D28-4AAE-8234-FCA8501442CE}.Android|Mixed Platforms.ActiveCfg = Release|Any CPU
		{B8223C3E-4D28-4AAE-8234-FCA8501442CE}.Android|Mixed Platforms.Build.0 = Release|Any CPU
		{B8223C3E-4D28-4AAE-8234-FCA8501442CE}.Debug|Any CPU.ActiveCfg = Debug|Any CPU
		{B8223C3E-4D28-4AAE-8234-FCA8501442CE}.Debug|Any CPU.Build.0 = Debug|Any CPU
		{B8223C3E-4D28-4AAE-8234-FCA8501442CE}.Debug|Mixed Platforms.ActiveCfg = Debug|Any CPU
		{B8223C3E-4D28-4AAE-8234-FCA8501442CE}.Debug|Mixed Platforms.Build.0 = Debug|Any CPU
		{B8223C3E-4D28-4AAE-8234-FCA8501442CE}.iOS|Any CPU.ActiveCfg = Release|Any CPU
		{B8223C3E-4D28-4AAE-8234-FCA8501442CE}.iOS|Any CPU.Build.0 = Release|Any CPU
		{B8223C3E-4D28-4AAE-8234-FCA8501442CE}.iOS|Mixed Platforms.ActiveCfg = Release|Any CPU
		{B8223C3E-4D28-4AAE-8234-FCA8501442CE}.iOS|Mixed Platforms.Build.0 = Release|Any CPU
		{B8223C3E-4D28-4AAE-8234-FCA8501442CE}.Linux|Any CPU.ActiveCfg = Release|Any CPU
		{B8223C3E-4D28-4AAE-8234-FCA8501442CE}.Linux|Any CPU.Build.0 = Release|Any CPU
		{B8223C3E-4D28-4AAE-8234-FCA8501442CE}.Linux|Mixed Platforms.ActiveCfg = Release|Any CPU
		{B8223C3E-4D28-4AAE-8234-FCA8501442CE}.Linux|Mixed Platforms.Build.0 = Release|Any CPU
		{B8223C3E-4D28-4AAE-8234-FCA8501442CE}.OSX|Any CPU.ActiveCfg = Release|Any CPU
		{B8223C3E-4D28-4AAE-8234-FCA8501442CE}.OSX|Any CPU.Build.0 = Release|Any CPU
		{B8223C3E-4D28-4AAE-8234-FCA8501442CE}.OSX|Mixed Platforms.ActiveCfg = Release|Any CPU
		{B8223C3E-4D28-4AAE-8234-FCA8501442CE}.OSX|Mixed Platforms.Build.0 = Release|Any CPU
		{B8223C3E-4D28-4AAE-8234-FCA8501442CE}.PSM|Any CPU.ActiveCfg = Release|Any CPU
		{B8223C3E-4D28-4AAE-8234-FCA8501442CE}.PSM|Any CPU.Build.0 = Release|Any CPU
		{B8223C3E-4D28-4AAE-8234-FCA8501442CE}.PSM|Mixed Platforms.ActiveCfg = Release|Any CPU
		{B8223C3E-4D28-4AAE-8234-FCA8501442CE}.PSM|Mixed Platforms.Build.0 = Release|Any CPU
		{B8223C3E-4D28-4AAE-8234-FCA8501442CE}.Release|Any CPU.ActiveCfg = Release|Any CPU
		{B8223C3E-4D28-4AAE-8234-FCA8501442CE}.Release|Any CPU.Build.0 = Release|Any CPU
		{B8223C3E-4D28-4AAE-8234-FCA8501442CE}.Release|Mixed Platforms.ActiveCfg = Release|Any CPU
		{B8223C3E-4D28-4AAE-8234-FCA8501442CE}.Release|Mixed Platforms.Build.0 = Release|Any CPU
		{B8223C3E-4D28-4AAE-8234-FCA8501442CE}.Windows|Any CPU.ActiveCfg = Release|Any CPU
		{B8223C3E-4D28-4AAE-8234-FCA8501442CE}.Windows|Any CPU.Build.0 = Release|Any CPU
		{B8223C3E-4D28-4AAE-8234-FCA8501442CE}.Windows|Mixed Platforms.ActiveCfg = Release|Any CPU
		{B8223C3E-4D28-4AAE-8234-FCA8501442CE}.Windows|Mixed Platforms.Build.0 = Release|Any CPU
		{B8223C3E-4D28-4AAE-8234-FCA8501442CE}.Windows8|Any CPU.ActiveCfg = Release|Any CPU
		{B8223C3E-4D28-4AAE-8234-FCA8501442CE}.Windows8|Any CPU.Build.0 = Release|Any CPU
		{B8223C3E-4D28-4AAE-8234-FCA8501442CE}.Windows8|Mixed Platforms.ActiveCfg = Release|Any CPU
		{B8223C3E-4D28-4AAE-8234-FCA8501442CE}.Windows8|Mixed Platforms.Build.0 = Release|Any CPU
		{9DE1E131-4AC2-45BD-A1FD-9C512F3F8554}.Android|Any CPU.ActiveCfg = Release|Any CPU
		{9DE1E131-4AC2-45BD-A1FD-9C512F3F8554}.Android|Any CPU.Build.0 = Release|Any CPU
		{9DE1E131-4AC2-45BD-A1FD-9C512F3F8554}.Android|Mixed Platforms.ActiveCfg = Release|Any CPU
		{9DE1E131-4AC2-45BD-A1FD-9C512F3F8554}.Android|Mixed Platforms.Build.0 = Release|Any CPU
		{9DE1E131-4AC2-45BD-A1FD-9C512F3F8554}.Debug|Any CPU.ActiveCfg = Debug|Any CPU
		{9DE1E131-4AC2-45BD-A1FD-9C512F3F8554}.Debug|Any CPU.Build.0 = Debug|Any CPU
		{9DE1E131-4AC2-45BD-A1FD-9C512F3F8554}.Debug|Mixed Platforms.ActiveCfg = Debug|Any CPU
		{9DE1E131-4AC2-45BD-A1FD-9C512F3F8554}.Debug|Mixed Platforms.Build.0 = Debug|Any CPU
		{9DE1E131-4AC2-45BD-A1FD-9C512F3F8554}.iOS|Any CPU.ActiveCfg = Release|Any CPU
		{9DE1E131-4AC2-45BD-A1FD-9C512F3F8554}.iOS|Any CPU.Build.0 = Release|Any CPU
		{9DE1E131-4AC2-45BD-A1FD-9C512F3F8554}.iOS|Mixed Platforms.ActiveCfg = Release|Any CPU
		{9DE1E131-4AC2-45BD-A1FD-9C512F3F8554}.iOS|Mixed Platforms.Build.0 = Release|Any CPU
		{9DE1E131-4AC2-45BD-A1FD-9C512F3F8554}.Linux|Any CPU.ActiveCfg = Release|Any CPU
		{9DE1E131-4AC2-45BD-A1FD-9C512F3F8554}.Linux|Any CPU.Build.0 = Release|Any CPU
		{9DE1E131-4AC2-45BD-A1FD-9C512F3F8554}.Linux|Mixed Platforms.ActiveCfg = Release|Any CPU
		{9DE1E131-4AC2-45BD-A1FD-9C512F3F8554}.Linux|Mixed Platforms.Build.0 = Release|Any CPU
		{9DE1E131-4AC2-45BD-A1FD-9C512F3F8554}.OSX|Any CPU.ActiveCfg = Release|Any CPU
		{9DE1E131-4AC2-45BD-A1FD-9C512F3F8554}.OSX|Any CPU.Build.0 = Release|Any CPU
		{9DE1E131-4AC2-45BD-A1FD-9C512F3F8554}.OSX|Mixed Platforms.ActiveCfg = Release|Any CPU
		{9DE1E131-4AC2-45BD-A1FD-9C512F3F8554}.OSX|Mixed Platforms.Build.0 = Release|Any CPU
		{9DE1E131-4AC2-45BD-A1FD-9C512F3F8554}.PSM|Any CPU.ActiveCfg = Release|Any CPU
		{9DE1E131-4AC2-45BD-A1FD-9C512F3F8554}.PSM|Any CPU.Build.0 = Release|Any CPU
		{9DE1E131-4AC2-45BD-A1FD-9C512F3F8554}.PSM|Mixed Platforms.ActiveCfg = Release|Any CPU
		{9DE1E131-4AC2-45BD-A1FD-9C512F3F8554}.PSM|Mixed Platforms.Build.0 = Release|Any CPU
		{9DE1E131-4AC2-45BD-A1FD-9C512F3F8554}.Release|Any CPU.ActiveCfg = Release|Any CPU
		{9DE1E131-4AC2-45BD-A1FD-9C512F3F8554}.Release|Any CPU.Build.0 = Release|Any CPU
		{9DE1E131-4AC2-45BD-A1FD-9C512F3F8554}.Release|Mixed Platforms.ActiveCfg = Release|Any CPU
		{9DE1E131-4AC2-45BD-A1FD-9C512F3F8554}.Release|Mixed Platforms.Build.0 = Release|Any CPU
		{9DE1E131-4AC2-45BD-A1FD-9C512F3F8554}.Windows|Any CPU.ActiveCfg = Release|Any CPU
		{9DE1E131-4AC2-45BD-A1FD-9C512F3F8554}.Windows|Any CPU.Build.0 = Release|Any CPU
		{9DE1E131-4AC2-45BD-A1FD-9C512F3F8554}.Windows|Mixed Platforms.ActiveCfg = Release|Any CPU
		{9DE1E131-4AC2-45BD-A1FD-9C512F3F8554}.Windows|Mixed Platforms.Build.0 = Release|Any CPU
		{9DE1E131-4AC2-45BD-A1FD-9C512F3F8554}.Windows8|Any CPU.ActiveCfg = Release|Any CPU
		{9DE1E131-4AC2-45BD-A1FD-9C512F3F8554}.Windows8|Any CPU.Build.0 = Release|Any CPU
		{9DE1E131-4AC2-45BD-A1FD-9C512F3F8554}.Windows8|Mixed Platforms.ActiveCfg = Release|Any CPU
		{9DE1E131-4AC2-45BD-A1FD-9C512F3F8554}.Windows8|Mixed Platforms.Build.0 = Release|Any CPU
		{049603A8-8C77-42D6-8D8C-CD379DD8DB91}.Android|Any CPU.ActiveCfg = Release|Any CPU
		{049603A8-8C77-42D6-8D8C-CD379DD8DB91}.Android|Any CPU.Build.0 = Release|Any CPU
		{049603A8-8C77-42D6-8D8C-CD379DD8DB91}.Android|Mixed Platforms.ActiveCfg = Release|Any CPU
		{049603A8-8C77-42D6-8D8C-CD379DD8DB91}.Android|Mixed Platforms.Build.0 = Release|Any CPU
		{049603A8-8C77-42D6-8D8C-CD379DD8DB91}.Debug|Any CPU.ActiveCfg = Debug|Any CPU
		{049603A8-8C77-42D6-8D8C-CD379DD8DB91}.Debug|Any CPU.Build.0 = Debug|Any CPU
		{049603A8-8C77-42D6-8D8C-CD379DD8DB91}.Debug|Mixed Platforms.ActiveCfg = Debug|Any CPU
		{049603A8-8C77-42D6-8D8C-CD379DD8DB91}.Debug|Mixed Platforms.Build.0 = Debug|Any CPU
		{049603A8-8C77-42D6-8D8C-CD379DD8DB91}.iOS|Any CPU.ActiveCfg = Release|Any CPU
		{049603A8-8C77-42D6-8D8C-CD379DD8DB91}.iOS|Any CPU.Build.0 = Release|Any CPU
		{049603A8-8C77-42D6-8D8C-CD379DD8DB91}.iOS|Mixed Platforms.ActiveCfg = Release|Any CPU
		{049603A8-8C77-42D6-8D8C-CD379DD8DB91}.iOS|Mixed Platforms.Build.0 = Release|Any CPU
		{049603A8-8C77-42D6-8D8C-CD379DD8DB91}.Linux|Any CPU.ActiveCfg = Release|Any CPU
		{049603A8-8C77-42D6-8D8C-CD379DD8DB91}.Linux|Any CPU.Build.0 = Release|Any CPU
		{049603A8-8C77-42D6-8D8C-CD379DD8DB91}.Linux|Mixed Platforms.ActiveCfg = Release|Any CPU
		{049603A8-8C77-42D6-8D8C-CD379DD8DB91}.Linux|Mixed Platforms.Build.0 = Release|Any CPU
		{049603A8-8C77-42D6-8D8C-CD379DD8DB91}.OSX|Any CPU.ActiveCfg = Release|Any CPU
		{049603A8-8C77-42D6-8D8C-CD379DD8DB91}.OSX|Any CPU.Build.0 = Release|Any CPU
		{049603A8-8C77-42D6-8D8C-CD379DD8DB91}.OSX|Mixed Platforms.ActiveCfg = Release|Any CPU
		{049603A8-8C77-42D6-8D8C-CD379DD8DB91}.OSX|Mixed Platforms.Build.0 = Release|Any CPU
		{049603A8-8C77-42D6-8D8C-CD379DD8DB91}.PSM|Any CPU.ActiveCfg = Release|Any CPU
		{049603A8-8C77-42D6-8D8C-CD379DD8DB91}.PSM|Any CPU.Build.0 = Release|Any CPU
		{049603A8-8C77-42D6-8D8C-CD379DD8DB91}.PSM|Mixed Platforms.ActiveCfg = Release|Any CPU
		{049603A8-8C77-42D6-8D8C-CD379DD8DB91}.PSM|Mixed Platforms.Build.0 = Release|Any CPU
		{049603A8-8C77-42D6-8D8C-CD379DD8DB91}.Release|Any CPU.ActiveCfg = Release|Any CPU
		{049603A8-8C77-42D6-8D8C-CD379DD8DB91}.Release|Any CPU.Build.0 = Release|Any CPU
		{049603A8-8C77-42D6-8D8C-CD379DD8DB91}.Release|Mixed Platforms.ActiveCfg = Release|Any CPU
		{049603A8-8C77-42D6-8D8C-CD379DD8DB91}.Release|Mixed Platforms.Build.0 = Release|Any CPU
		{049603A8-8C77-42D6-8D8C-CD379DD8DB91}.Windows|Any CPU.ActiveCfg = Release|Any CPU
		{049603A8-8C77-42D6-8D8C-CD379DD8DB91}.Windows|Any CPU.Build.0 = Release|Any CPU
		{049603A8-8C77-42D6-8D8C-CD379DD8DB91}.Windows|Mixed Platforms.ActiveCfg = Release|Any CPU
		{049603A8-8C77-42D6-8D8C-CD379DD8DB91}.Windows|Mixed Platforms.Build.0 = Release|Any CPU
		{049603A8-8C77-42D6-8D8C-CD379DD8DB91}.Windows8|Any CPU.ActiveCfg = Release|Any CPU
		{049603A8-8C77-42D6-8D8C-CD379DD8DB91}.Windows8|Any CPU.Build.0 = Release|Any CPU
		{049603A8-8C77-42D6-8D8C-CD379DD8DB91}.Windows8|Mixed Platforms.ActiveCfg = Release|Any CPU
		{049603A8-8C77-42D6-8D8C-CD379DD8DB91}.Windows8|Mixed Platforms.Build.0 = Release|Any CPU
		{222F8D0E-EB3E-4562-AC2B-AE683BF257AF}.Android|Any CPU.ActiveCfg = Release|Any CPU
		{222F8D0E-EB3E-4562-AC2B-AE683BF257AF}.Android|Any CPU.Build.0 = Release|Any CPU
		{222F8D0E-EB3E-4562-AC2B-AE683BF257AF}.Android|Mixed Platforms.ActiveCfg = Release|Any CPU
		{222F8D0E-EB3E-4562-AC2B-AE683BF257AF}.Android|Mixed Platforms.Build.0 = Release|Any CPU
		{222F8D0E-EB3E-4562-AC2B-AE683BF257AF}.Debug|Any CPU.ActiveCfg = Debug|Any CPU
		{222F8D0E-EB3E-4562-AC2B-AE683BF257AF}.Debug|Any CPU.Build.0 = Debug|Any CPU
		{222F8D0E-EB3E-4562-AC2B-AE683BF257AF}.Debug|Mixed Platforms.ActiveCfg = Debug|Any CPU
		{222F8D0E-EB3E-4562-AC2B-AE683BF257AF}.Debug|Mixed Platforms.Build.0 = Debug|Any CPU
		{222F8D0E-EB3E-4562-AC2B-AE683BF257AF}.iOS|Any CPU.ActiveCfg = Release|Any CPU
		{222F8D0E-EB3E-4562-AC2B-AE683BF257AF}.iOS|Any CPU.Build.0 = Release|Any CPU
		{222F8D0E-EB3E-4562-AC2B-AE683BF257AF}.iOS|Mixed Platforms.ActiveCfg = Release|Any CPU
		{222F8D0E-EB3E-4562-AC2B-AE683BF257AF}.iOS|Mixed Platforms.Build.0 = Release|Any CPU
		{222F8D0E-EB3E-4562-AC2B-AE683BF257AF}.Linux|Any CPU.ActiveCfg = Release|Any CPU
		{222F8D0E-EB3E-4562-AC2B-AE683BF257AF}.Linux|Any CPU.Build.0 = Release|Any CPU
		{222F8D0E-EB3E-4562-AC2B-AE683BF257AF}.Linux|Mixed Platforms.ActiveCfg = Release|Any CPU
		{222F8D0E-EB3E-4562-AC2B-AE683BF257AF}.Linux|Mixed Platforms.Build.0 = Release|Any CPU
		{222F8D0E-EB3E-4562-AC2B-AE683BF257AF}.OSX|Any CPU.ActiveCfg = Release|Any CPU
		{222F8D0E-EB3E-4562-AC2B-AE683BF257AF}.OSX|Any CPU.Build.0 = Release|Any CPU
		{222F8D0E-EB3E-4562-AC2B-AE683BF257AF}.OSX|Mixed Platforms.ActiveCfg = Release|Any CPU
		{222F8D0E-EB3E-4562-AC2B-AE683BF257AF}.OSX|Mixed Platforms.Build.0 = Release|Any CPU
		{222F8D0E-EB3E-4562-AC2B-AE683BF257AF}.PSM|Any CPU.ActiveCfg = Release|Any CPU
		{222F8D0E-EB3E-4562-AC2B-AE683BF257AF}.PSM|Any CPU.Build.0 = Release|Any CPU
		{222F8D0E-EB3E-4562-AC2B-AE683BF257AF}.PSM|Mixed Platforms.ActiveCfg = Release|Any CPU
		{222F8D0E-EB3E-4562-AC2B-AE683BF257AF}.PSM|Mixed Platforms.Build.0 = Release|Any CPU
		{222F8D0E-EB3E-4562-AC2B-AE683BF257AF}.Release|Any CPU.ActiveCfg = Release|Any CPU
		{222F8D0E-EB3E-4562-AC2B-AE683BF257AF}.Release|Any CPU.Build.0 = Release|Any CPU
		{222F8D0E-EB3E-4562-AC2B-AE683BF257AF}.Release|Mixed Platforms.ActiveCfg = Release|Any CPU
		{222F8D0E-EB3E-4562-AC2B-AE683BF257AF}.Release|Mixed Platforms.Build.0 = Release|Any CPU
		{222F8D0E-EB3E-4562-AC2B-AE683BF257AF}.Windows|Any CPU.ActiveCfg = Release|Any CPU
		{222F8D0E-EB3E-4562-AC2B-AE683BF257AF}.Windows|Any CPU.Build.0 = Release|Any CPU
		{222F8D0E-EB3E-4562-AC2B-AE683BF257AF}.Windows|Mixed Platforms.ActiveCfg = Release|Any CPU
		{222F8D0E-EB3E-4562-AC2B-AE683BF257AF}.Windows|Mixed Platforms.Build.0 = Release|Any CPU
		{222F8D0E-EB3E-4562-AC2B-AE683BF257AF}.Windows8|Any CPU.ActiveCfg = Release|Any CPU
		{222F8D0E-EB3E-4562-AC2B-AE683BF257AF}.Windows8|Any CPU.Build.0 = Release|Any CPU
		{222F8D0E-EB3E-4562-AC2B-AE683BF257AF}.Windows8|Mixed Platforms.ActiveCfg = Release|Any CPU
		{222F8D0E-EB3E-4562-AC2B-AE683BF257AF}.Windows8|Mixed Platforms.Build.0 = Release|Any CPU
		{CABD2A2A-52AF-4047-8C9C-915B0ED27CE8}.Android|Any CPU.ActiveCfg = Release|Any CPU
		{CABD2A2A-52AF-4047-8C9C-915B0ED27CE8}.Android|Any CPU.Build.0 = Release|Any CPU
		{CABD2A2A-52AF-4047-8C9C-915B0ED27CE8}.Android|Mixed Platforms.ActiveCfg = Release|Any CPU
		{CABD2A2A-52AF-4047-8C9C-915B0ED27CE8}.Android|Mixed Platforms.Build.0 = Release|Any CPU
		{CABD2A2A-52AF-4047-8C9C-915B0ED27CE8}.Debug|Any CPU.ActiveCfg = Debug|Any CPU
		{CABD2A2A-52AF-4047-8C9C-915B0ED27CE8}.Debug|Any CPU.Build.0 = Debug|Any CPU
		{CABD2A2A-52AF-4047-8C9C-915B0ED27CE8}.Debug|Mixed Platforms.ActiveCfg = Debug|Any CPU
		{CABD2A2A-52AF-4047-8C9C-915B0ED27CE8}.Debug|Mixed Platforms.Build.0 = Debug|Any CPU
		{CABD2A2A-52AF-4047-8C9C-915B0ED27CE8}.iOS|Any CPU.ActiveCfg = Release|Any CPU
		{CABD2A2A-52AF-4047-8C9C-915B0ED27CE8}.iOS|Any CPU.Build.0 = Release|Any CPU
		{CABD2A2A-52AF-4047-8C9C-915B0ED27CE8}.iOS|Mixed Platforms.ActiveCfg = Release|Any CPU
		{CABD2A2A-52AF-4047-8C9C-915B0ED27CE8}.iOS|Mixed Platforms.Build.0 = Release|Any CPU
		{CABD2A2A-52AF-4047-8C9C-915B0ED27CE8}.Linux|Any CPU.ActiveCfg = Release|Any CPU
		{CABD2A2A-52AF-4047-8C9C-915B0ED27CE8}.Linux|Any CPU.Build.0 = Release|Any CPU
		{CABD2A2A-52AF-4047-8C9C-915B0ED27CE8}.Linux|Mixed Platforms.ActiveCfg = Release|Any CPU
		{CABD2A2A-52AF-4047-8C9C-915B0ED27CE8}.Linux|Mixed Platforms.Build.0 = Release|Any CPU
		{CABD2A2A-52AF-4047-8C9C-915B0ED27CE8}.OSX|Any CPU.ActiveCfg = Release|Any CPU
		{CABD2A2A-52AF-4047-8C9C-915B0ED27CE8}.OSX|Any CPU.Build.0 = Release|Any CPU
		{CABD2A2A-52AF-4047-8C9C-915B0ED27CE8}.OSX|Mixed Platforms.ActiveCfg = Release|Any CPU
		{CABD2A2A-52AF-4047-8C9C-915B0ED27CE8}.OSX|Mixed Platforms.Build.0 = Release|Any CPU
		{CABD2A2A-52AF-4047-8C9C-915B0ED27CE8}.PSM|Any CPU.ActiveCfg = Release|Any CPU
		{CABD2A2A-52AF-4047-8C9C-915B0ED27CE8}.PSM|Any CPU.Build.0 = Release|Any CPU
		{CABD2A2A-52AF-4047-8C9C-915B0ED27CE8}.PSM|Mixed Platforms.ActiveCfg = Release|Any CPU
		{CABD2A2A-52AF-4047-8C9C-915B0ED27CE8}.PSM|Mixed Platforms.Build.0 = Release|Any CPU
		{CABD2A2A-52AF-4047-8C9C-915B0ED27CE8}.Release|Any CPU.ActiveCfg = Release|Any CPU
		{CABD2A2A-52AF-4047-8C9C-915B0ED27CE8}.Release|Any CPU.Build.0 = Release|Any CPU
		{CABD2A2A-52AF-4047-8C9C-915B0ED27CE8}.Release|Mixed Platforms.ActiveCfg = Release|Any CPU
		{CABD2A2A-52AF-4047-8C9C-915B0ED27CE8}.Release|Mixed Platforms.Build.0 = Release|Any CPU
		{CABD2A2A-52AF-4047-8C9C-915B0ED27CE8}.Windows|Any CPU.ActiveCfg = Release|Any CPU
		{CABD2A2A-52AF-4047-8C9C-915B0ED27CE8}.Windows|Any CPU.Build.0 = Release|Any CPU
		{CABD2A2A-52AF-4047-8C9C-915B0ED27CE8}.Windows|Mixed Platforms.ActiveCfg = Release|Any CPU
		{CABD2A2A-52AF-4047-8C9C-915B0ED27CE8}.Windows|Mixed Platforms.Build.0 = Release|Any CPU
		{CABD2A2A-52AF-4047-8C9C-915B0ED27CE8}.Windows8|Any CPU.ActiveCfg = Release|Any CPU
		{CABD2A2A-52AF-4047-8C9C-915B0ED27CE8}.Windows8|Any CPU.Build.0 = Release|Any CPU
		{CABD2A2A-52AF-4047-8C9C-915B0ED27CE8}.Windows8|Mixed Platforms.ActiveCfg = Release|Any CPU
		{CABD2A2A-52AF-4047-8C9C-915B0ED27CE8}.Windows8|Mixed Platforms.Build.0 = Release|Any CPU
		{5C231E67-22F1-4A91-B120-39766BDB85C4}.Android|Any CPU.ActiveCfg = Release|Any CPU
		{5C231E67-22F1-4A91-B120-39766BDB85C4}.Android|Any CPU.Build.0 = Release|Any CPU
		{5C231E67-22F1-4A91-B120-39766BDB85C4}.Android|Mixed Platforms.ActiveCfg = Release|Any CPU
		{5C231E67-22F1-4A91-B120-39766BDB85C4}.Android|Mixed Platforms.Build.0 = Release|Any CPU
		{5C231E67-22F1-4A91-B120-39766BDB85C4}.Debug|Any CPU.ActiveCfg = Debug|Any CPU
		{5C231E67-22F1-4A91-B120-39766BDB85C4}.Debug|Any CPU.Build.0 = Debug|Any CPU
		{5C231E67-22F1-4A91-B120-39766BDB85C4}.Debug|Mixed Platforms.ActiveCfg = Debug|Any CPU
		{5C231E67-22F1-4A91-B120-39766BDB85C4}.Debug|Mixed Platforms.Build.0 = Debug|Any CPU
		{5C231E67-22F1-4A91-B120-39766BDB85C4}.iOS|Any CPU.ActiveCfg = Release|Any CPU
		{5C231E67-22F1-4A91-B120-39766BDB85C4}.iOS|Any CPU.Build.0 = Release|Any CPU
		{5C231E67-22F1-4A91-B120-39766BDB85C4}.iOS|Mixed Platforms.ActiveCfg = Release|Any CPU
		{5C231E67-22F1-4A91-B120-39766BDB85C4}.iOS|Mixed Platforms.Build.0 = Release|Any CPU
		{5C231E67-22F1-4A91-B120-39766BDB85C4}.Linux|Any CPU.ActiveCfg = Release|Any CPU
		{5C231E67-22F1-4A91-B120-39766BDB85C4}.Linux|Any CPU.Build.0 = Release|Any CPU
		{5C231E67-22F1-4A91-B120-39766BDB85C4}.Linux|Mixed Platforms.ActiveCfg = Release|Any CPU
		{5C231E67-22F1-4A91-B120-39766BDB85C4}.Linux|Mixed Platforms.Build.0 = Release|Any CPU
		{5C231E67-22F1-4A91-B120-39766BDB85C4}.OSX|Any CPU.ActiveCfg = Release|Any CPU
		{5C231E67-22F1-4A91-B120-39766BDB85C4}.OSX|Any CPU.Build.0 = Release|Any CPU
		{5C231E67-22F1-4A91-B120-39766BDB85C4}.OSX|Mixed Platforms.ActiveCfg = Release|Any CPU
		{5C231E67-22F1-4A91-B120-39766BDB85C4}.OSX|Mixed Platforms.Build.0 = Release|Any CPU
		{5C231E67-22F1-4A91-B120-39766BDB85C4}.PSM|Any CPU.ActiveCfg = Release|Any CPU
		{5C231E67-22F1-4A91-B120-39766BDB85C4}.PSM|Any CPU.Build.0 = Release|Any CPU
		{5C231E67-22F1-4A91-B120-39766BDB85C4}.PSM|Mixed Platforms.ActiveCfg = Release|Any CPU
		{5C231E67-22F1-4A91-B120-39766BDB85C4}.PSM|Mixed Platforms.Build.0 = Release|Any CPU
		{5C231E67-22F1-4A91-B120-39766BDB85C4}.Release|Any CPU.ActiveCfg = Release|Any CPU
		{5C231E67-22F1-4A91-B120-39766BDB85C4}.Release|Any CPU.Build.0 = Release|Any CPU
		{5C231E67-22F1-4A91-B120-39766BDB85C4}.Release|Mixed Platforms.ActiveCfg = Release|Any CPU
		{5C231E67-22F1-4A91-B120-39766BDB85C4}.Release|Mixed Platforms.Build.0 = Release|Any CPU
		{5C231E67-22F1-4A91-B120-39766BDB85C4}.Windows|Any CPU.ActiveCfg = Release|Any CPU
		{5C231E67-22F1-4A91-B120-39766BDB85C4}.Windows|Any CPU.Build.0 = Release|Any CPU
		{5C231E67-22F1-4A91-B120-39766BDB85C4}.Windows|Mixed Platforms.ActiveCfg = Release|Any CPU
		{5C231E67-22F1-4A91-B120-39766BDB85C4}.Windows|Mixed Platforms.Build.0 = Release|Any CPU
		{5C231E67-22F1-4A91-B120-39766BDB85C4}.Windows8|Any CPU.ActiveCfg = Release|Any CPU
		{5C231E67-22F1-4A91-B120-39766BDB85C4}.Windows8|Any CPU.Build.0 = Release|Any CPU
		{5C231E67-22F1-4A91-B120-39766BDB85C4}.Windows8|Mixed Platforms.ActiveCfg = Release|Any CPU
		{5C231E67-22F1-4A91-B120-39766BDB85C4}.Windows8|Mixed Platforms.Build.0 = Release|Any CPU
		{74882C2F-3DDB-4FE1-AB00-227C0D93B5D0}.Android|Any CPU.ActiveCfg = Release|Any CPU
		{74882C2F-3DDB-4FE1-AB00-227C0D93B5D0}.Android|Any CPU.Build.0 = Release|Any CPU
		{74882C2F-3DDB-4FE1-AB00-227C0D93B5D0}.Android|Mixed Platforms.ActiveCfg = Release|Any CPU
		{74882C2F-3DDB-4FE1-AB00-227C0D93B5D0}.Android|Mixed Platforms.Build.0 = Release|Any CPU
		{74882C2F-3DDB-4FE1-AB00-227C0D93B5D0}.Debug|Any CPU.ActiveCfg = Debug|Any CPU
		{74882C2F-3DDB-4FE1-AB00-227C0D93B5D0}.Debug|Any CPU.Build.0 = Debug|Any CPU
		{74882C2F-3DDB-4FE1-AB00-227C0D93B5D0}.Debug|Mixed Platforms.ActiveCfg = Debug|Any CPU
		{74882C2F-3DDB-4FE1-AB00-227C0D93B5D0}.Debug|Mixed Platforms.Build.0 = Debug|Any CPU
		{74882C2F-3DDB-4FE1-AB00-227C0D93B5D0}.iOS|Any CPU.ActiveCfg = Release|Any CPU
		{74882C2F-3DDB-4FE1-AB00-227C0D93B5D0}.iOS|Any CPU.Build.0 = Release|Any CPU
		{74882C2F-3DDB-4FE1-AB00-227C0D93B5D0}.iOS|Mixed Platforms.ActiveCfg = Release|Any CPU
		{74882C2F-3DDB-4FE1-AB00-227C0D93B5D0}.iOS|Mixed Platforms.Build.0 = Release|Any CPU
		{74882C2F-3DDB-4FE1-AB00-227C0D93B5D0}.Linux|Any CPU.ActiveCfg = Release|Any CPU
		{74882C2F-3DDB-4FE1-AB00-227C0D93B5D0}.Linux|Any CPU.Build.0 = Release|Any CPU
		{74882C2F-3DDB-4FE1-AB00-227C0D93B5D0}.Linux|Mixed Platforms.ActiveCfg = Release|Any CPU
		{74882C2F-3DDB-4FE1-AB00-227C0D93B5D0}.Linux|Mixed Platforms.Build.0 = Release|Any CPU
		{74882C2F-3DDB-4FE1-AB00-227C0D93B5D0}.OSX|Any CPU.ActiveCfg = Release|Any CPU
		{74882C2F-3DDB-4FE1-AB00-227C0D93B5D0}.OSX|Any CPU.Build.0 = Release|Any CPU
		{74882C2F-3DDB-4FE1-AB00-227C0D93B5D0}.OSX|Mixed Platforms.ActiveCfg = Release|Any CPU
		{74882C2F-3DDB-4FE1-AB00-227C0D93B5D0}.OSX|Mixed Platforms.Build.0 = Release|Any CPU
		{74882C2F-3DDB-4FE1-AB00-227C0D93B5D0}.PSM|Any CPU.ActiveCfg = Release|Any CPU
		{74882C2F-3DDB-4FE1-AB00-227C0D93B5D0}.PSM|Any CPU.Build.0 = Release|Any CPU
		{74882C2F-3DDB-4FE1-AB00-227C0D93B5D0}.PSM|Mixed Platforms.ActiveCfg = Release|Any CPU
		{74882C2F-3DDB-4FE1-AB00-227C0D93B5D0}.PSM|Mixed Platforms.Build.0 = Release|Any CPU
		{74882C2F-3DDB-4FE1-AB00-227C0D93B5D0}.Release|Any CPU.ActiveCfg = Release|Any CPU
		{74882C2F-3DDB-4FE1-AB00-227C0D93B5D0}.Release|Any CPU.Build.0 = Release|Any CPU
		{74882C2F-3DDB-4FE1-AB00-227C0D93B5D0}.Release|Mixed Platforms.ActiveCfg = Release|Any CPU
		{74882C2F-3DDB-4FE1-AB00-227C0D93B5D0}.Release|Mixed Platforms.Build.0 = Release|Any CPU
		{74882C2F-3DDB-4FE1-AB00-227C0D93B5D0}.Windows|Any CPU.ActiveCfg = Release|Any CPU
		{74882C2F-3DDB-4FE1-AB00-227C0D93B5D0}.Windows|Any CPU.Build.0 = Release|Any CPU
		{74882C2F-3DDB-4FE1-AB00-227C0D93B5D0}.Windows|Mixed Platforms.ActiveCfg = Release|Any CPU
		{74882C2F-3DDB-4FE1-AB00-227C0D93B5D0}.Windows|Mixed Platforms.Build.0 = Release|Any CPU
		{74882C2F-3DDB-4FE1-AB00-227C0D93B5D0}.Windows8|Any CPU.ActiveCfg = Release|Any CPU
		{74882C2F-3DDB-4FE1-AB00-227C0D93B5D0}.Windows8|Any CPU.Build.0 = Release|Any CPU
		{74882C2F-3DDB-4FE1-AB00-227C0D93B5D0}.Windows8|Mixed Platforms.ActiveCfg = Release|Any CPU
		{74882C2F-3DDB-4FE1-AB00-227C0D93B5D0}.Windows8|Mixed Platforms.Build.0 = Release|Any CPU
		{956F95EC-D3D8-491F-AEF1-5830243BE274}.Android|Any CPU.ActiveCfg = Release|Any CPU
		{956F95EC-D3D8-491F-AEF1-5830243BE274}.Android|Any CPU.Build.0 = Release|Any CPU
		{956F95EC-D3D8-491F-AEF1-5830243BE274}.Android|Mixed Platforms.ActiveCfg = Release|Any CPU
		{956F95EC-D3D8-491F-AEF1-5830243BE274}.Android|Mixed Platforms.Build.0 = Release|Any CPU
		{956F95EC-D3D8-491F-AEF1-5830243BE274}.Debug|Any CPU.ActiveCfg = Debug|Any CPU
		{956F95EC-D3D8-491F-AEF1-5830243BE274}.Debug|Any CPU.Build.0 = Debug|Any CPU
		{956F95EC-D3D8-491F-AEF1-5830243BE274}.Debug|Mixed Platforms.ActiveCfg = Debug|Any CPU
		{956F95EC-D3D8-491F-AEF1-5830243BE274}.Debug|Mixed Platforms.Build.0 = Debug|Any CPU
		{956F95EC-D3D8-491F-AEF1-5830243BE274}.iOS|Any CPU.ActiveCfg = Release|Any CPU
		{956F95EC-D3D8-491F-AEF1-5830243BE274}.iOS|Any CPU.Build.0 = Release|Any CPU
		{956F95EC-D3D8-491F-AEF1-5830243BE274}.iOS|Mixed Platforms.ActiveCfg = Release|Any CPU
		{956F95EC-D3D8-491F-AEF1-5830243BE274}.iOS|Mixed Platforms.Build.0 = Release|Any CPU
		{956F95EC-D3D8-491F-AEF1-5830243BE274}.Linux|Any CPU.ActiveCfg = Release|Any CPU
		{956F95EC-D3D8-491F-AEF1-5830243BE274}.Linux|Any CPU.Build.0 = Release|Any CPU
		{956F95EC-D3D8-491F-AEF1-5830243BE274}.Linux|Mixed Platforms.ActiveCfg = Release|Any CPU
		{956F95EC-D3D8-491F-AEF1-5830243BE274}.Linux|Mixed Platforms.Build.0 = Release|Any CPU
		{956F95EC-D3D8-491F-AEF1-5830243BE274}.OSX|Any CPU.ActiveCfg = Release|Any CPU
		{956F95EC-D3D8-491F-AEF1-5830243BE274}.OSX|Any CPU.Build.0 = Release|Any CPU
		{956F95EC-D3D8-491F-AEF1-5830243BE274}.OSX|Mixed Platforms.ActiveCfg = Release|Any CPU
		{956F95EC-D3D8-491F-AEF1-5830243BE274}.OSX|Mixed Platforms.Build.0 = Release|Any CPU
		{956F95EC-D3D8-491F-AEF1-5830243BE274}.PSM|Any CPU.ActiveCfg = Release|Any CPU
		{956F95EC-D3D8-491F-AEF1-5830243BE274}.PSM|Any CPU.Build.0 = Release|Any CPU
		{956F95EC-D3D8-491F-AEF1-5830243BE274}.PSM|Mixed Platforms.ActiveCfg = Release|Any CPU
		{956F95EC-D3D8-491F-AEF1-5830243BE274}.PSM|Mixed Platforms.Build.0 = Release|Any CPU
		{956F95EC-D3D8-491F-AEF1-5830243BE274}.Release|Any CPU.ActiveCfg = Release|Any CPU
		{956F95EC-D3D8-491F-AEF1-5830243BE274}.Release|Any CPU.Build.0 = Release|Any CPU
		{956F95EC-D3D8-491F-AEF1-5830243BE274}.Release|Mixed Platforms.ActiveCfg = Release|Any CPU
		{956F95EC-D3D8-491F-AEF1-5830243BE274}.Release|Mixed Platforms.Build.0 = Release|Any CPU
		{956F95EC-D3D8-491F-AEF1-5830243BE274}.Windows|Any CPU.ActiveCfg = Release|Any CPU
		{956F95EC-D3D8-491F-AEF1-5830243BE274}.Windows|Any CPU.Build.0 = Release|Any CPU
		{956F95EC-D3D8-491F-AEF1-5830243BE274}.Windows|Mixed Platforms.ActiveCfg = Release|Any CPU
		{956F95EC-D3D8-491F-AEF1-5830243BE274}.Windows|Mixed Platforms.Build.0 = Release|Any CPU
		{956F95EC-D3D8-491F-AEF1-5830243BE274}.Windows8|Any CPU.ActiveCfg = Release|Any CPU
		{956F95EC-D3D8-491F-AEF1-5830243BE274}.Windows8|Any CPU.Build.0 = Release|Any CPU
		{956F95EC-D3D8-491F-AEF1-5830243BE274}.Windows8|Mixed Platforms.ActiveCfg = Release|Any CPU
		{956F95EC-D3D8-491F-AEF1-5830243BE274}.Windows8|Mixed Platforms.Build.0 = Release|Any CPU
		{DE0C9D2E-92D9-40FE-951F-8355302A65DA}.Android|Any CPU.ActiveCfg = Release|Any CPU
		{DE0C9D2E-92D9-40FE-951F-8355302A65DA}.Android|Any CPU.Build.0 = Release|Any CPU
		{DE0C9D2E-92D9-40FE-951F-8355302A65DA}.Android|Mixed Platforms.ActiveCfg = Release|Any CPU
		{DE0C9D2E-92D9-40FE-951F-8355302A65DA}.Android|Mixed Platforms.Build.0 = Release|Any CPU
		{DE0C9D2E-92D9-40FE-951F-8355302A65DA}.Debug|Any CPU.ActiveCfg = Debug|Any CPU
		{DE0C9D2E-92D9-40FE-951F-8355302A65DA}.Debug|Any CPU.Build.0 = Debug|Any CPU
		{DE0C9D2E-92D9-40FE-951F-8355302A65DA}.Debug|Mixed Platforms.ActiveCfg = Debug|Any CPU
		{DE0C9D2E-92D9-40FE-951F-8355302A65DA}.Debug|Mixed Platforms.Build.0 = Debug|Any CPU
		{DE0C9D2E-92D9-40FE-951F-8355302A65DA}.iOS|Any CPU.ActiveCfg = Release|Any CPU
		{DE0C9D2E-92D9-40FE-951F-8355302A65DA}.iOS|Any CPU.Build.0 = Release|Any CPU
		{DE0C9D2E-92D9-40FE-951F-8355302A65DA}.iOS|Mixed Platforms.ActiveCfg = Release|Any CPU
		{DE0C9D2E-92D9-40FE-951F-8355302A65DA}.iOS|Mixed Platforms.Build.0 = Release|Any CPU
		{DE0C9D2E-92D9-40FE-951F-8355302A65DA}.Linux|Any CPU.ActiveCfg = Release|Any CPU
		{DE0C9D2E-92D9-40FE-951F-8355302A65DA}.Linux|Any CPU.Build.0 = Release|Any CPU
		{DE0C9D2E-92D9-40FE-951F-8355302A65DA}.Linux|Mixed Platforms.ActiveCfg = Release|Any CPU
		{DE0C9D2E-92D9-40FE-951F-8355302A65DA}.Linux|Mixed Platforms.Build.0 = Release|Any CPU
		{DE0C9D2E-92D9-40FE-951F-8355302A65DA}.OSX|Any CPU.ActiveCfg = Release|Any CPU
		{DE0C9D2E-92D9-40FE-951F-8355302A65DA}.OSX|Any CPU.Build.0 = Release|Any CPU
		{DE0C9D2E-92D9-40FE-951F-8355302A65DA}.OSX|Mixed Platforms.ActiveCfg = Release|Any CPU
		{DE0C9D2E-92D9-40FE-951F-8355302A65DA}.OSX|Mixed Platforms.Build.0 = Release|Any CPU
		{DE0C9D2E-92D9-40FE-951F-8355302A65DA}.PSM|Any CPU.ActiveCfg = Release|Any CPU
		{DE0C9D2E-92D9-40FE-951F-8355302A65DA}.PSM|Any CPU.Build.0 = Release|Any CPU
		{DE0C9D2E-92D9-40FE-951F-8355302A65DA}.PSM|Mixed Platforms.ActiveCfg = Release|Any CPU
		{DE0C9D2E-92D9-40FE-951F-8355302A65DA}.PSM|Mixed Platforms.Build.0 = Release|Any CPU
		{DE0C9D2E-92D9-40FE-951F-8355302A65DA}.Release|Any CPU.ActiveCfg = Release|Any CPU
		{DE0C9D2E-92D9-40FE-951F-8355302A65DA}.Release|Any CPU.Build.0 = Release|Any CPU
		{DE0C9D2E-92D9-40FE-951F-8355302A65DA}.Release|Mixed Platforms.ActiveCfg = Release|Any CPU
		{DE0C9D2E-92D9-40FE-951F-8355302A65DA}.Release|Mixed Platforms.Build.0 = Release|Any CPU
		{DE0C9D2E-92D9-40FE-951F-8355302A65DA}.Windows|Any CPU.ActiveCfg = Release|Any CPU
		{DE0C9D2E-92D9-40FE-951F-8355302A65DA}.Windows|Any CPU.Build.0 = Release|Any CPU
		{DE0C9D2E-92D9-40FE-951F-8355302A65DA}.Windows|Mixed Platforms.ActiveCfg = Release|Any CPU
		{DE0C9D2E-92D9-40FE-951F-8355302A65DA}.Windows|Mixed Platforms.Build.0 = Release|Any CPU
		{DE0C9D2E-92D9-40FE-951F-8355302A65DA}.Windows8|Any CPU.ActiveCfg = Release|Any CPU
		{DE0C9D2E-92D9-40FE-951F-8355302A65DA}.Windows8|Any CPU.Build.0 = Release|Any CPU
		{DE0C9D2E-92D9-40FE-951F-8355302A65DA}.Windows8|Mixed Platforms.ActiveCfg = Release|Any CPU
		{DE0C9D2E-92D9-40FE-951F-8355302A65DA}.Windows8|Mixed Platforms.Build.0 = Release|Any CPU
		{7586DB23-8FC0-4AF8-B855-2A636BD431E6}.Android|Any CPU.ActiveCfg = Release|Any CPU
		{7586DB23-8FC0-4AF8-B855-2A636BD431E6}.Android|Any CPU.Build.0 = Release|Any CPU
		{7586DB23-8FC0-4AF8-B855-2A636BD431E6}.Android|Mixed Platforms.ActiveCfg = Release|Any CPU
		{7586DB23-8FC0-4AF8-B855-2A636BD431E6}.Android|Mixed Platforms.Build.0 = Release|Any CPU
		{7586DB23-8FC0-4AF8-B855-2A636BD431E6}.Debug|Any CPU.ActiveCfg = Debug|Any CPU
		{7586DB23-8FC0-4AF8-B855-2A636BD431E6}.Debug|Any CPU.Build.0 = Debug|Any CPU
		{7586DB23-8FC0-4AF8-B855-2A636BD431E6}.Debug|Mixed Platforms.ActiveCfg = Debug|Any CPU
		{7586DB23-8FC0-4AF8-B855-2A636BD431E6}.Debug|Mixed Platforms.Build.0 = Debug|Any CPU
		{7586DB23-8FC0-4AF8-B855-2A636BD431E6}.iOS|Any CPU.ActiveCfg = Release|Any CPU
		{7586DB23-8FC0-4AF8-B855-2A636BD431E6}.iOS|Any CPU.Build.0 = Release|Any CPU
		{7586DB23-8FC0-4AF8-B855-2A636BD431E6}.iOS|Mixed Platforms.ActiveCfg = Release|Any CPU
		{7586DB23-8FC0-4AF8-B855-2A636BD431E6}.iOS|Mixed Platforms.Build.0 = Release|Any CPU
		{7586DB23-8FC0-4AF8-B855-2A636BD431E6}.Linux|Any CPU.ActiveCfg = Release|Any CPU
		{7586DB23-8FC0-4AF8-B855-2A636BD431E6}.Linux|Any CPU.Build.0 = Release|Any CPU
		{7586DB23-8FC0-4AF8-B855-2A636BD431E6}.Linux|Mixed Platforms.ActiveCfg = Release|Any CPU
		{7586DB23-8FC0-4AF8-B855-2A636BD431E6}.Linux|Mixed Platforms.Build.0 = Release|Any CPU
		{7586DB23-8FC0-4AF8-B855-2A636BD431E6}.OSX|Any CPU.ActiveCfg = Release|Any CPU
		{7586DB23-8FC0-4AF8-B855-2A636BD431E6}.OSX|Any CPU.Build.0 = Release|Any CPU
		{7586DB23-8FC0-4AF8-B855-2A636BD431E6}.OSX|Mixed Platforms.ActiveCfg = Release|Any CPU
		{7586DB23-8FC0-4AF8-B855-2A636BD431E6}.OSX|Mixed Platforms.Build.0 = Release|Any CPU
		{7586DB23-8FC0-4AF8-B855-2A636BD431E6}.PSM|Any CPU.ActiveCfg = Release|Any CPU
		{7586DB23-8FC0-4AF8-B855-2A636BD431E6}.PSM|Any CPU.Build.0 = Release|Any CPU
		{7586DB23-8FC0-4AF8-B855-2A636BD431E6}.PSM|Mixed Platforms.ActiveCfg = Release|Any CPU
		{7586DB23-8FC0-4AF8-B855-2A636BD431E6}.PSM|Mixed Platforms.Build.0 = Release|Any CPU
		{7586DB23-8FC0-4AF8-B855-2A636BD431E6}.Release|Any CPU.ActiveCfg = Release|Any CPU
		{7586DB23-8FC0-4AF8-B855-2A636BD431E6}.Release|Any CPU.Build.0 = Release|Any CPU
		{7586DB23-8FC0-4AF8-B855-2A636BD431E6}.Release|Mixed Platforms.ActiveCfg = Release|Any CPU
		{7586DB23-8FC0-4AF8-B855-2A636BD431E6}.Release|Mixed Platforms.Build.0 = Release|Any CPU
		{7586DB23-8FC0-4AF8-B855-2A636BD431E6}.Windows|Any CPU.ActiveCfg = Release|Any CPU
		{7586DB23-8FC0-4AF8-B855-2A636BD431E6}.Windows|Any CPU.Build.0 = Release|Any CPU
		{7586DB23-8FC0-4AF8-B855-2A636BD431E6}.Windows|Mixed Platforms.ActiveCfg = Release|Any CPU
		{7586DB23-8FC0-4AF8-B855-2A636BD431E6}.Windows|Mixed Platforms.Build.0 = Release|Any CPU
		{7586DB23-8FC0-4AF8-B855-2A636BD431E6}.Windows8|Any CPU.ActiveCfg = Release|Any CPU
		{7586DB23-8FC0-4AF8-B855-2A636BD431E6}.Windows8|Any CPU.Build.0 = Release|Any CPU
		{7586DB23-8FC0-4AF8-B855-2A636BD431E6}.Windows8|Mixed Platforms.ActiveCfg = Release|Any CPU
		{7586DB23-8FC0-4AF8-B855-2A636BD431E6}.Windows8|Mixed Platforms.Build.0 = Release|Any CPU
	EndGlobalSection
	GlobalSection(SolutionProperties) = preSolution
		HideSolutionNode = FALSE
	EndGlobalSection
	GlobalSection(NestedProjects) = preSolution
		{B8223C3E-4D28-4AAE-8234-FCA8501442CE} = {E28CF4ED-F4B9-4767-9882-0DFBB5C8FB1D}
		{9DE1E131-4AC2-45BD-A1FD-9C512F3F8554} = {E28CF4ED-F4B9-4767-9882-0DFBB5C8FB1D}
		{049603A8-8C77-42D6-8D8C-CD379DD8DB91} = {E28CF4ED-F4B9-4767-9882-0DFBB5C8FB1D}
		{222F8D0E-EB3E-4562-AC2B-AE683BF257AF} = {E28CF4ED-F4B9-4767-9882-0DFBB5C8FB1D}
		{CABD2A2A-52AF-4047-8C9C-915B0ED27CE8} = {E28CF4ED-F4B9-4767-9882-0DFBB5C8FB1D}
		{5C231E67-22F1-4A91-B120-39766BDB85C4} = {E28CF4ED-F4B9-4767-9882-0DFBB5C8FB1D}
		{74882C2F-3DDB-4FE1-AB00-227C0D93B5D0} = {E28CF4ED-F4B9-4767-9882-0DFBB5C8FB1D}
		{956F95EC-D3D8-491F-AEF1-5830243BE274} = {E28CF4ED-F4B9-4767-9882-0DFBB5C8FB1D}
		{DE0C9D2E-92D9-40FE-951F-8355302A65DA} = {E28CF4ED-F4B9-4767-9882-0DFBB5C8FB1D}
		{7586DB23-8FC0-4AF8-B855-2A636BD431E6} = {E28CF4ED-F4B9-4767-9882-0DFBB5C8FB1D}
	EndGlobalSection
EndGlobal
