
Microsoft Visual Studio Solution File, Format Version 12.00
# Visual Studio 2012
Project("{FAE04EC0-301F-11D3-BF4B-00C04F79EFBC}") = "PortableGameTest.Framework", "PortableGameTest.Framework\PortableGameTest.Framework.csproj", "{6216E08B-9DC7-454E-B5ED-4615BB7236B1}"
EndProject
Project("{FAE04EC0-301F-11D3-BF4B-00C04F79EFBC}") = "PortableGameTest.Framework.Win32", "PortableGameTest.Framework.Win32\PortableGameTest.Framework.Win32.csproj", "{2657D56C-14E2-4559-B0AA-60CDA30537F9}"
EndProject
Project("{FAE04EC0-301F-11D3-BF4B-00C04F79EFBC}") = "PortableGameTest.Framework.Abstractions", "PortableGameTest.Framework.Abstractions\PortableGameTest.Framework.Abstractions.csproj", "{4216E08B-9DC7-454E-B5ED-4615BB7236B2}"
EndProject
Project("{FAE04EC0-301F-11D3-BF4B-00C04F79EFBC}") = "PortableGameTest.Framework.WinRT", "PortableGameTest.Framework.WinRT\PortableGameTest.Framework.WinRT.csproj", "{A99D2EC9-89C2-4753-AB17-F50E8160C4FB}"
EndProject
Project("{FAE04EC0-301F-11D3-BF4B-00C04F79EFBC}") = "PortableGameTest.Core", "PortableGameTest.Core\PortableGameTest.Core.csproj", "{B280D2AC-B647-453A-B5B9-A331E7B2B414}"
EndProject
Project("{FAE04EC0-301F-11D3-BF4B-00C04F79EFBC}") = "PortableGameTest-Win32", "PortableGameTest-Win32\PortableGameTest-Win32.csproj", "{816FCA8A-60CF-4562-8AE0-F25E49D25F32}"
EndProject
Project("{FAE04EC0-301F-11D3-BF4B-00C04F79EFBC}") = "PortableGameTest-WinRT", "PortableGameTest-WinRT\PortableGameTest-WinRT.csproj", "{F33AA006-56E1-4D6D-8262-20BEFC2A448A}"
EndProject
Global
	GlobalSection(SolutionConfigurationPlatforms) = preSolution
		Debug|Any CPU = Debug|Any CPU
		Debug|ARM = Debug|ARM
		Debug|Mixed Platforms = Debug|Mixed Platforms
		Debug|x64 = Debug|x64
		Debug|x86 = Debug|x86
		Release|Any CPU = Release|Any CPU
		Release|ARM = Release|ARM
		Release|Mixed Platforms = Release|Mixed Platforms
		Release|x64 = Release|x64
		Release|x86 = Release|x86
	EndGlobalSection
	GlobalSection(ProjectConfigurationPlatforms) = postSolution
		{6216E08B-9DC7-454E-B5ED-4615BB7236B1}.Debug|Any CPU.ActiveCfg = Debug|Any CPU
		{6216E08B-9DC7-454E-B5ED-4615BB7236B1}.Debug|Any CPU.Build.0 = Debug|Any CPU
		{6216E08B-9DC7-454E-B5ED-4615BB7236B1}.Debug|ARM.ActiveCfg = Debug|Any CPU
		{6216E08B-9DC7-454E-B5ED-4615BB7236B1}.Debug|Mixed Platforms.ActiveCfg = Debug|Any CPU
		{6216E08B-9DC7-454E-B5ED-4615BB7236B1}.Debug|Mixed Platforms.Build.0 = Debug|Any CPU
		{6216E08B-9DC7-454E-B5ED-4615BB7236B1}.Debug|x64.ActiveCfg = Debug|Any CPU
		{6216E08B-9DC7-454E-B5ED-4615BB7236B1}.Debug|x86.ActiveCfg = Debug|Any CPU
		{6216E08B-9DC7-454E-B5ED-4615BB7236B1}.Release|Any CPU.ActiveCfg = Release|Any CPU
		{6216E08B-9DC7-454E-B5ED-4615BB7236B1}.Release|Any CPU.Build.0 = Release|Any CPU
		{6216E08B-9DC7-454E-B5ED-4615BB7236B1}.Release|ARM.ActiveCfg = Release|Any CPU
		{6216E08B-9DC7-454E-B5ED-4615BB7236B1}.Release|Mixed Platforms.ActiveCfg = Release|Any CPU
		{6216E08B-9DC7-454E-B5ED-4615BB7236B1}.Release|Mixed Platforms.Build.0 = Release|Any CPU
		{6216E08B-9DC7-454E-B5ED-4615BB7236B1}.Release|x64.ActiveCfg = Release|Any CPU
		{6216E08B-9DC7-454E-B5ED-4615BB7236B1}.Release|x86.ActiveCfg = Release|Any CPU
		{2657D56C-14E2-4559-B0AA-60CDA30537F9}.Debug|Any CPU.ActiveCfg = Debug|Any CPU
		{2657D56C-14E2-4559-B0AA-60CDA30537F9}.Debug|Any CPU.Build.0 = Debug|Any CPU
		{2657D56C-14E2-4559-B0AA-60CDA30537F9}.Debug|ARM.ActiveCfg = Debug|Any CPU
		{2657D56C-14E2-4559-B0AA-60CDA30537F9}.Debug|Mixed Platforms.ActiveCfg = Debug|Any CPU
		{2657D56C-14E2-4559-B0AA-60CDA30537F9}.Debug|Mixed Platforms.Build.0 = Debug|Any CPU
		{2657D56C-14E2-4559-B0AA-60CDA30537F9}.Debug|x64.ActiveCfg = Debug|Any CPU
		{2657D56C-14E2-4559-B0AA-60CDA30537F9}.Debug|x86.ActiveCfg = Debug|Any CPU
		{2657D56C-14E2-4559-B0AA-60CDA30537F9}.Release|Any CPU.ActiveCfg = Release|Any CPU
		{2657D56C-14E2-4559-B0AA-60CDA30537F9}.Release|Any CPU.Build.0 = Release|Any CPU
		{2657D56C-14E2-4559-B0AA-60CDA30537F9}.Release|ARM.ActiveCfg = Release|Any CPU
		{2657D56C-14E2-4559-B0AA-60CDA30537F9}.Release|Mixed Platforms.ActiveCfg = Release|Any CPU
		{2657D56C-14E2-4559-B0AA-60CDA30537F9}.Release|Mixed Platforms.Build.0 = Release|Any CPU
		{2657D56C-14E2-4559-B0AA-60CDA30537F9}.Release|x64.ActiveCfg = Release|Any CPU
		{2657D56C-14E2-4559-B0AA-60CDA30537F9}.Release|x86.ActiveCfg = Release|Any CPU
		{4216E08B-9DC7-454E-B5ED-4615BB7236B2}.Debug|Any CPU.ActiveCfg = Debug|Any CPU
		{4216E08B-9DC7-454E-B5ED-4615BB7236B2}.Debug|Any CPU.Build.0 = Debug|Any CPU
		{4216E08B-9DC7-454E-B5ED-4615BB7236B2}.Debug|ARM.ActiveCfg = Debug|Any CPU
		{4216E08B-9DC7-454E-B5ED-4615BB7236B2}.Debug|Mixed Platforms.ActiveCfg = Debug|Any CPU
		{4216E08B-9DC7-454E-B5ED-4615BB7236B2}.Debug|Mixed Platforms.Build.0 = Debug|Any CPU
		{4216E08B-9DC7-454E-B5ED-4615BB7236B2}.Debug|x64.ActiveCfg = Debug|Any CPU
		{4216E08B-9DC7-454E-B5ED-4615BB7236B2}.Debug|x86.ActiveCfg = Debug|Any CPU
		{4216E08B-9DC7-454E-B5ED-4615BB7236B2}.Release|Any CPU.ActiveCfg = Release|Any CPU
		{4216E08B-9DC7-454E-B5ED-4615BB7236B2}.Release|Any CPU.Build.0 = Release|Any CPU
		{4216E08B-9DC7-454E-B5ED-4615BB7236B2}.Release|ARM.ActiveCfg = Release|Any CPU
		{4216E08B-9DC7-454E-B5ED-4615BB7236B2}.Release|Mixed Platforms.ActiveCfg = Release|Any CPU
		{4216E08B-9DC7-454E-B5ED-4615BB7236B2}.Release|Mixed Platforms.Build.0 = Release|Any CPU
		{4216E08B-9DC7-454E-B5ED-4615BB7236B2}.Release|x64.ActiveCfg = Release|Any CPU
		{4216E08B-9DC7-454E-B5ED-4615BB7236B2}.Release|x86.ActiveCfg = Release|Any CPU
		{A99D2EC9-89C2-4753-AB17-F50E8160C4FB}.Debug|Any CPU.ActiveCfg = Debug|Any CPU
		{A99D2EC9-89C2-4753-AB17-F50E8160C4FB}.Debug|Any CPU.Build.0 = Debug|Any CPU
		{A99D2EC9-89C2-4753-AB17-F50E8160C4FB}.Debug|ARM.ActiveCfg = Debug|ARM
		{A99D2EC9-89C2-4753-AB17-F50E8160C4FB}.Debug|ARM.Build.0 = Debug|ARM
		{A99D2EC9-89C2-4753-AB17-F50E8160C4FB}.Debug|Mixed Platforms.ActiveCfg = Debug|x86
		{A99D2EC9-89C2-4753-AB17-F50E8160C4FB}.Debug|Mixed Platforms.Build.0 = Debug|x86
		{A99D2EC9-89C2-4753-AB17-F50E8160C4FB}.Debug|x64.ActiveCfg = Debug|x64
		{A99D2EC9-89C2-4753-AB17-F50E8160C4FB}.Debug|x64.Build.0 = Debug|x64
		{A99D2EC9-89C2-4753-AB17-F50E8160C4FB}.Debug|x86.ActiveCfg = Debug|x86
		{A99D2EC9-89C2-4753-AB17-F50E8160C4FB}.Debug|x86.Build.0 = Debug|x86
		{A99D2EC9-89C2-4753-AB17-F50E8160C4FB}.Release|Any CPU.ActiveCfg = Release|Any CPU
		{A99D2EC9-89C2-4753-AB17-F50E8160C4FB}.Release|Any CPU.Build.0 = Release|Any CPU
		{A99D2EC9-89C2-4753-AB17-F50E8160C4FB}.Release|ARM.ActiveCfg = Release|ARM
		{A99D2EC9-89C2-4753-AB17-F50E8160C4FB}.Release|ARM.Build.0 = Release|ARM
		{A99D2EC9-89C2-4753-AB17-F50E8160C4FB}.Release|Mixed Platforms.ActiveCfg = Release|x86
		{A99D2EC9-89C2-4753-AB17-F50E8160C4FB}.Release|Mixed Platforms.Build.0 = Release|x86
		{A99D2EC9-89C2-4753-AB17-F50E8160C4FB}.Release|x64.ActiveCfg = Release|x64
		{A99D2EC9-89C2-4753-AB17-F50E8160C4FB}.Release|x64.Build.0 = Release|x64
		{A99D2EC9-89C2-4753-AB17-F50E8160C4FB}.Release|x86.ActiveCfg = Release|x86
		{A99D2EC9-89C2-4753-AB17-F50E8160C4FB}.Release|x86.Build.0 = Release|x86
		{B280D2AC-B647-453A-B5B9-A331E7B2B414}.Debug|Any CPU.ActiveCfg = Debug|Any CPU
		{B280D2AC-B647-453A-B5B9-A331E7B2B414}.Debug|Any CPU.Build.0 = Debug|Any CPU
		{B280D2AC-B647-453A-B5B9-A331E7B2B414}.Debug|ARM.ActiveCfg = Debug|Any CPU
		{B280D2AC-B647-453A-B5B9-A331E7B2B414}.Debug|Mixed Platforms.ActiveCfg = Debug|Any CPU
		{B280D2AC-B647-453A-B5B9-A331E7B2B414}.Debug|Mixed Platforms.Build.0 = Debug|Any CPU
		{B280D2AC-B647-453A-B5B9-A331E7B2B414}.Debug|x64.ActiveCfg = Debug|Any CPU
		{B280D2AC-B647-453A-B5B9-A331E7B2B414}.Debug|x86.ActiveCfg = Debug|Any CPU
		{B280D2AC-B647-453A-B5B9-A331E7B2B414}.Release|Any CPU.ActiveCfg = Release|Any CPU
		{B280D2AC-B647-453A-B5B9-A331E7B2B414}.Release|Any CPU.Build.0 = Release|Any CPU
		{B280D2AC-B647-453A-B5B9-A331E7B2B414}.Release|ARM.ActiveCfg = Release|Any CPU
		{B280D2AC-B647-453A-B5B9-A331E7B2B414}.Release|Mixed Platforms.ActiveCfg = Release|Any CPU
		{B280D2AC-B647-453A-B5B9-A331E7B2B414}.Release|Mixed Platforms.Build.0 = Release|Any CPU
		{B280D2AC-B647-453A-B5B9-A331E7B2B414}.Release|x64.ActiveCfg = Release|Any CPU
		{B280D2AC-B647-453A-B5B9-A331E7B2B414}.Release|x86.ActiveCfg = Release|Any CPU
		{816FCA8A-60CF-4562-8AE0-F25E49D25F32}.Debug|Any CPU.ActiveCfg = Debug|x86
		{816FCA8A-60CF-4562-8AE0-F25E49D25F32}.Debug|ARM.ActiveCfg = Debug|x86
		{816FCA8A-60CF-4562-8AE0-F25E49D25F32}.Debug|Mixed Platforms.ActiveCfg = Debug|x86
		{816FCA8A-60CF-4562-8AE0-F25E49D25F32}.Debug|Mixed Platforms.Build.0 = Debug|x86
		{816FCA8A-60CF-4562-8AE0-F25E49D25F32}.Debug|x64.ActiveCfg = Debug|x86
		{816FCA8A-60CF-4562-8AE0-F25E49D25F32}.Debug|x86.ActiveCfg = Debug|x86
		{816FCA8A-60CF-4562-8AE0-F25E49D25F32}.Debug|x86.Build.0 = Debug|x86
		{816FCA8A-60CF-4562-8AE0-F25E49D25F32}.Release|Any CPU.ActiveCfg = Release|x86
		{816FCA8A-60CF-4562-8AE0-F25E49D25F32}.Release|ARM.ActiveCfg = Release|x86
		{816FCA8A-60CF-4562-8AE0-F25E49D25F32}.Release|Mixed Platforms.ActiveCfg = Release|x86
		{816FCA8A-60CF-4562-8AE0-F25E49D25F32}.Release|Mixed Platforms.Build.0 = Release|x86
		{816FCA8A-60CF-4562-8AE0-F25E49D25F32}.Release|x64.ActiveCfg = Release|x86
		{816FCA8A-60CF-4562-8AE0-F25E49D25F32}.Release|x86.ActiveCfg = Release|x86
		{816FCA8A-60CF-4562-8AE0-F25E49D25F32}.Release|x86.Build.0 = Release|x86
		{F33AA006-56E1-4D6D-8262-20BEFC2A448A}.Debug|Any CPU.ActiveCfg = Debug|Any CPU
		{F33AA006-56E1-4D6D-8262-20BEFC2A448A}.Debug|Any CPU.Build.0 = Debug|Any CPU
		{F33AA006-56E1-4D6D-8262-20BEFC2A448A}.Debug|Any CPU.Deploy.0 = Debug|Any CPU
		{F33AA006-56E1-4D6D-8262-20BEFC2A448A}.Debug|ARM.ActiveCfg = Debug|ARM
		{F33AA006-56E1-4D6D-8262-20BEFC2A448A}.Debug|ARM.Build.0 = Debug|ARM
		{F33AA006-56E1-4D6D-8262-20BEFC2A448A}.Debug|ARM.Deploy.0 = Debug|ARM
		{F33AA006-56E1-4D6D-8262-20BEFC2A448A}.Debug|Mixed Platforms.ActiveCfg = Debug|x86
		{F33AA006-56E1-4D6D-8262-20BEFC2A448A}.Debug|Mixed Platforms.Build.0 = Debug|x86
		{F33AA006-56E1-4D6D-8262-20BEFC2A448A}.Debug|Mixed Platforms.Deploy.0 = Debug|x86
		{F33AA006-56E1-4D6D-8262-20BEFC2A448A}.Debug|x64.ActiveCfg = Debug|x64
		{F33AA006-56E1-4D6D-8262-20BEFC2A448A}.Debug|x64.Build.0 = Debug|x64
		{F33AA006-56E1-4D6D-8262-20BEFC2A448A}.Debug|x64.Deploy.0 = Debug|x64
		{F33AA006-56E1-4D6D-8262-20BEFC2A448A}.Debug|x86.ActiveCfg = Debug|x86
		{F33AA006-56E1-4D6D-8262-20BEFC2A448A}.Debug|x86.Build.0 = Debug|x86
		{F33AA006-56E1-4D6D-8262-20BEFC2A448A}.Debug|x86.Deploy.0 = Debug|x86
		{F33AA006-56E1-4D6D-8262-20BEFC2A448A}.Release|Any CPU.ActiveCfg = Release|Any CPU
		{F33AA006-56E1-4D6D-8262-20BEFC2A448A}.Release|Any CPU.Build.0 = Release|Any CPU
		{F33AA006-56E1-4D6D-8262-20BEFC2A448A}.Release|Any CPU.Deploy.0 = Release|Any CPU
		{F33AA006-56E1-4D6D-8262-20BEFC2A448A}.Release|ARM.ActiveCfg = Release|ARM
		{F33AA006-56E1-4D6D-8262-20BEFC2A448A}.Release|ARM.Build.0 = Release|ARM
		{F33AA006-56E1-4D6D-8262-20BEFC2A448A}.Release|ARM.Deploy.0 = Release|ARM
		{F33AA006-56E1-4D6D-8262-20BEFC2A448A}.Release|Mixed Platforms.ActiveCfg = Release|x86
		{F33AA006-56E1-4D6D-8262-20BEFC2A448A}.Release|Mixed Platforms.Build.0 = Release|x86
		{F33AA006-56E1-4D6D-8262-20BEFC2A448A}.Release|Mixed Platforms.Deploy.0 = Release|x86
		{F33AA006-56E1-4D6D-8262-20BEFC2A448A}.Release|x64.ActiveCfg = Release|x64
		{F33AA006-56E1-4D6D-8262-20BEFC2A448A}.Release|x64.Build.0 = Release|x64
		{F33AA006-56E1-4D6D-8262-20BEFC2A448A}.Release|x64.Deploy.0 = Release|x64
		{F33AA006-56E1-4D6D-8262-20BEFC2A448A}.Release|x86.ActiveCfg = Release|x86
		{F33AA006-56E1-4D6D-8262-20BEFC2A448A}.Release|x86.Build.0 = Release|x86
		{F33AA006-56E1-4D6D-8262-20BEFC2A448A}.Release|x86.Deploy.0 = Release|x86
	EndGlobalSection
	GlobalSection(SolutionProperties) = preSolution
		HideSolutionNode = FALSE
	EndGlobalSection
EndGlobal
